// !$*UTF8*$!
{
	archiveVersion = 1;
	classes = {
	};
	objectVersion = 46;
	objects = {

/* Begin PBXBuildFile section */
		1A0BE07662390DFE9CF82455 /* Pods_HDCollectionView_Tests.framework in Frameworks */ = {isa = PBXBuildFile; fileRef = 02294E1BC3A694898C9B5F56 /* Pods_HDCollectionView_Tests.framework */; };
		280535322447ED1100BE0249 /* README_CN.md in Resources */ = {isa = PBXBuildFile; fileRef = 280535312447ED1100BE0249 /* README_CN.md */; };
		28890182241B207100406FE8 /* DemoVC3CellVM.m in Sources */ = {isa = PBXBuildFile; fileRef = 28890181241B207100406FE8 /* DemoVC3CellVM.m */; };
		2889DDD6245AD386006C8670 /* DemoVC1Footer.m in Sources */ = {isa = PBXBuildFile; fileRef = 2889DDD5245AD386006C8670 /* DemoVC1Footer.m */; };
		28AC5E0D235ED6F300657ACE /* NSArray+HDHelper.m in Sources */ = {isa = PBXBuildFile; fileRef = 28AC5E0C235ED6F300657ACE /* NSArray+HDHelper.m */; };
		28AC5E10235FF9E300657ACE /* DemoVC4DecorationView.m in Sources */ = {isa = PBXBuildFile; fileRef = 28AC5E0F235FF9E300657ACE /* DemoVC4DecorationView.m */; };
		28E4B543230263A700BEBC34 /* QQDemo2FriendVCVM.m in Sources */ = {isa = PBXBuildFile; fileRef = 28E4B542230263A700BEBC34 /* QQDemo2FriendVCVM.m */; };
		28FE5C1222FD536E007FD9AA /* QQDemoFriendModel.m in Sources */ = {isa = PBXBuildFile; fileRef = 28FE5C1122FD536E007FD9AA /* QQDemoFriendModel.m */; };
		6003F58E195388D20070C39A /* Foundation.framework in Frameworks */ = {isa = PBXBuildFile; fileRef = 6003F58D195388D20070C39A /* Foundation.framework */; };
		6003F590195388D20070C39A /* CoreGraphics.framework in Frameworks */ = {isa = PBXBuildFile; fileRef = 6003F58F195388D20070C39A /* CoreGraphics.framework */; };
		6003F592195388D20070C39A /* UIKit.framework in Frameworks */ = {isa = PBXBuildFile; fileRef = 6003F591195388D20070C39A /* UIKit.framework */; };
		6003F598195388D20070C39A /* InfoPlist.strings in Resources */ = {isa = PBXBuildFile; fileRef = 6003F596195388D20070C39A /* InfoPlist.strings */; };
		6003F59A195388D20070C39A /* main.m in Sources */ = {isa = PBXBuildFile; fileRef = 6003F599195388D20070C39A /* main.m */; };
		6003F59E195388D20070C39A /* HDAppDelegate.m in Sources */ = {isa = PBXBuildFile; fileRef = 6003F59D195388D20070C39A /* HDAppDelegate.m */; };
		6003F5A9195388D20070C39A /* Images.xcassets in Resources */ = {isa = PBXBuildFile; fileRef = 6003F5A8195388D20070C39A /* Images.xcassets */; };
		6003F5B0195388D20070C39A /* XCTest.framework in Frameworks */ = {isa = PBXBuildFile; fileRef = 6003F5AF195388D20070C39A /* XCTest.framework */; };
		6003F5B1195388D20070C39A /* Foundation.framework in Frameworks */ = {isa = PBXBuildFile; fileRef = 6003F58D195388D20070C39A /* Foundation.framework */; };
		6003F5B2195388D20070C39A /* UIKit.framework in Frameworks */ = {isa = PBXBuildFile; fileRef = 6003F591195388D20070C39A /* UIKit.framework */; };
		6003F5BA195388D20070C39A /* InfoPlist.strings in Resources */ = {isa = PBXBuildFile; fileRef = 6003F5B8195388D20070C39A /* InfoPlist.strings */; };
		6003F5BC195388D20070C39A /* Tests.m in Sources */ = {isa = PBXBuildFile; fileRef = 6003F5BB195388D20070C39A /* Tests.m */; };
		64A07F955F8C03B874E11300 /* Pods_HDCollectionView_Example.framework in Frameworks */ = {isa = PBXBuildFile; fileRef = DD848C6774F80EBD1F826584 /* Pods_HDCollectionView_Example.framework */; };
		6635BBE22293AB2E0037EE0A /* HDMultipleScrollListMainVC.m in Sources */ = {isa = PBXBuildFile; fileRef = 6635BBE12293AB2E0037EE0A /* HDMultipleScrollListMainVC.m */; };
		6635BBE52293AB3E0037EE0A /* HDMultipleScrollListSubVC.m in Sources */ = {isa = PBXBuildFile; fileRef = 6635BBE42293AB3E0037EE0A /* HDMultipleScrollListSubVC.m */; };
		6635BBE82293BF7D0037EE0A /* HDCollectionView+MultipleScroll.m in Sources */ = {isa = PBXBuildFile; fileRef = 6635BBE62293BF7D0037EE0A /* HDCollectionView+MultipleScroll.m */; };
		6643053D2292E0DA00E29603 /* HDMultipleScrollListView.m in Sources */ = {isa = PBXBuildFile; fileRef = 6643053C2292E0D900E29603 /* HDMultipleScrollListView.m */; };
		664305452292E1A800E29603 /* QQDemo2VC.m in Sources */ = {isa = PBXBuildFile; fileRef = 664305442292E1A800E29603 /* QQDemo2VC.m */; };
		664305482292E6DF00E29603 /* QQDemo2VCViewModel.m in Sources */ = {isa = PBXBuildFile; fileRef = 664305472292E6DF00E29603 /* QQDemo2VCViewModel.m */; };
		6689F3B922964D8C0041A441 /* QQDemoOpenCloseSec.m in Sources */ = {isa = PBXBuildFile; fileRef = 6689F3A622964D8B0041A441 /* QQDemoOpenCloseSec.m */; };
		6689F3BA22964D8C0041A441 /* QQDemoFriendCellVM.m in Sources */ = {isa = PBXBuildFile; fileRef = 6689F3A722964D8B0041A441 /* QQDemoFriendCellVM.m */; };
		6689F3BC22964D8C0041A441 /* QQDemoSearchCell.m in Sources */ = {isa = PBXBuildFile; fileRef = 6689F3AE22964D8B0041A441 /* QQDemoSearchCell.m */; };
		6689F3BD22964D8C0041A441 /* QQDemoCreateCell.m in Sources */ = {isa = PBXBuildFile; fileRef = 6689F3AF22964D8B0041A441 /* QQDemoCreateCell.m */; };
		6689F3BE22964D8C0041A441 /* QQDemoFriendGroupHeader.m in Sources */ = {isa = PBXBuildFile; fileRef = 6689F3B022964D8B0041A441 /* QQDemoFriendGroupHeader.m */; };
		6689F3C122964D8C0041A441 /* QQDemoFriendCell.m in Sources */ = {isa = PBXBuildFile; fileRef = 6689F3B422964D8B0041A441 /* QQDemoFriendCell.m */; };
		6689F3C222964D8C0041A441 /* QQDemoGapCell.m in Sources */ = {isa = PBXBuildFile; fileRef = 6689F3B522964D8B0041A441 /* QQDemoGapCell.m */; };
		6696B2DF2272B4AE007FDFE4 /* DemoVC5.m in Sources */ = {isa = PBXBuildFile; fileRef = 6696B2782272B4AE007FDFE4 /* DemoVC5.m */; };
		6696B2E02272B4AE007FDFE4 /* DemoVC5Footer.m in Sources */ = {isa = PBXBuildFile; fileRef = 6696B27C2272B4AE007FDFE4 /* DemoVC5Footer.m */; };
		6696B2E12272B4AE007FDFE4 /* DemoVC5Header.m in Sources */ = {isa = PBXBuildFile; fileRef = 6696B27E2272B4AE007FDFE4 /* DemoVC5Header.m */; };
		6696B2E22272B4AE007FDFE4 /* DemoVC5Cell.m in Sources */ = {isa = PBXBuildFile; fileRef = 6696B27F2272B4AE007FDFE4 /* DemoVC5Cell.m */; };
		6696B2E32272B4AE007FDFE4 /* DemoVC5Cell2.m in Sources */ = {isa = PBXBuildFile; fileRef = 6696B2802272B4AE007FDFE4 /* DemoVC5Cell2.m */; };
		6696B2E42272B4AE007FDFE4 /* DemoVC2Header.m in Sources */ = {isa = PBXBuildFile; fileRef = 6696B2822272B4AE007FDFE4 /* DemoVC2Header.m */; };
		6696B2E52272B4AE007FDFE4 /* DemoVC2Footer.m in Sources */ = {isa = PBXBuildFile; fileRef = 6696B2832272B4AE007FDFE4 /* DemoVC2Footer.m */; };
		6696B2E62272B4AE007FDFE4 /* DemoVC2Cell2.m in Sources */ = {isa = PBXBuildFile; fileRef = 6696B2852272B4AE007FDFE4 /* DemoVC2Cell2.m */; };
		6696B2E72272B4AE007FDFE4 /* DemoVC2.m in Sources */ = {isa = PBXBuildFile; fileRef = 6696B2862272B4AE007FDFE4 /* DemoVC2.m */; };
		6696B2E82272B4AE007FDFE4 /* DemoVC2Cell.m in Sources */ = {isa = PBXBuildFile; fileRef = 6696B2872272B4AE007FDFE4 /* DemoVC2Cell.m */; };
		6696B2E92272B4AE007FDFE4 /* DemoVC3CellModel.m in Sources */ = {isa = PBXBuildFile; fileRef = 6696B28E2272B4AE007FDFE4 /* DemoVC3CellModel.m */; };
		6696B2EA2272B4AE007FDFE4 /* DemoVC3Footer.m in Sources */ = {isa = PBXBuildFile; fileRef = 6696B28F2272B4AE007FDFE4 /* DemoVC3Footer.m */; };
		6696B2EB2272B4AE007FDFE4 /* DemoVC3Header.m in Sources */ = {isa = PBXBuildFile; fileRef = 6696B2902272B4AE007FDFE4 /* DemoVC3Header.m */; };
		6696B2EE2272B4AE007FDFE4 /* DemoVC3.m in Sources */ = {isa = PBXBuildFile; fileRef = 6696B2942272B4AE007FDFE4 /* DemoVC3.m */; };
		6696B2EF2272B4AE007FDFE4 /* DemoVC3Cell.m in Sources */ = {isa = PBXBuildFile; fileRef = 6696B2982272B4AE007FDFE4 /* DemoVC3Cell.m */; };
		6696B2F52272B4AE007FDFE4 /* DemoVC4.m in Sources */ = {isa = PBXBuildFile; fileRef = 6696B2A62272B4AE007FDFE4 /* DemoVC4.m */; };
		6696B2F72272B4AE007FDFE4 /* AHCVCViewModel.m in Sources */ = {isa = PBXBuildFile; fileRef = 6696B2AC2272B4AE007FDFE4 /* AHCVCViewModel.m */; };
		6696B2F82272B4AE007FDFE4 /* carInfo.geojson in Resources */ = {isa = PBXBuildFile; fileRef = 6696B2AD2272B4AE007FDFE4 /* carInfo.geojson */; };
		6696B2F92272B4AE007FDFE4 /* AHCModel.m in Sources */ = {isa = PBXBuildFile; fileRef = 6696B2B12272B4AE007FDFE4 /* AHCModel.m */; };
		6696B2FA2272B4AE007FDFE4 /* AHCBaseCollectionView.m in Sources */ = {isa = PBXBuildFile; fileRef = 6696B2B52272B4AE007FDFE4 /* AHCBaseCollectionView.m */; };
		6696B2FB2272B4AE007FDFE4 /* AHCRefPriceCell.m in Sources */ = {isa = PBXBuildFile; fileRef = 6696B2B62272B4AE007FDFE4 /* AHCRefPriceCell.m */; };
		6696B2FC2272B4AE007FDFE4 /* AHCNormalCell.m in Sources */ = {isa = PBXBuildFile; fileRef = 6696B2B72272B4AE007FDFE4 /* AHCNormalCell.m */; };
		6696B2FD2272B4AE007FDFE4 /* UIView+AroundLine.m in Sources */ = {isa = PBXBuildFile; fileRef = 6696B2B92272B4AE007FDFE4 /* UIView+AroundLine.m */; };
		6696B2FE2272B4AE007FDFE4 /* AHCTopHeader.m in Sources */ = {isa = PBXBuildFile; fileRef = 6696B2BA2272B4AE007FDFE4 /* AHCTopHeader.m */; };
		6696B2FF2272B4AE007FDFE4 /* AHCHeader.m in Sources */ = {isa = PBXBuildFile; fileRef = 6696B2BC2272B4AE007FDFE4 /* AHCHeader.m */; };
		6696B3002272B4AE007FDFE4 /* AutoHomeCarInfoVC.m in Sources */ = {isa = PBXBuildFile; fileRef = 6696B2C02272B4AE007FDFE4 /* AutoHomeCarInfoVC.m */; };
		6696B3012272B4AE007FDFE4 /* HDSCVOffsetBinder.m in Sources */ = {isa = PBXBuildFile; fileRef = 6696B2C12272B4AE007FDFE4 /* HDSCVOffsetBinder.m */; };
		6696B3022272B4AE007FDFE4 /* DemoVC1.m in Sources */ = {isa = PBXBuildFile; fileRef = 6696B2C52272B4AE007FDFE4 /* DemoVC1.m */; };
		6696B3032272B4AE007FDFE4 /* DemoVC1Header.m in Sources */ = {isa = PBXBuildFile; fileRef = 6696B2C72272B4AE007FDFE4 /* DemoVC1Header.m */; };
		6696B3042272B4AE007FDFE4 /* DemoVC1Cell.m in Sources */ = {isa = PBXBuildFile; fileRef = 6696B2CA2272B4AE007FDFE4 /* DemoVC1Cell.m */; };
		6696B3052272B4AE007FDFE4 /* DemoVC6DecorationView.m in Sources */ = {isa = PBXBuildFile; fileRef = 6696B2CE2272B4AE007FDFE4 /* DemoVC6DecorationView.m */; };
		6696B3062272B4AE007FDFE4 /* DemoVC6.m in Sources */ = {isa = PBXBuildFile; fileRef = 6696B2CF2272B4AE007FDFE4 /* DemoVC6.m */; };
		6696B3072272B4AE007FDFE4 /* DemoVC6Cell.m in Sources */ = {isa = PBXBuildFile; fileRef = 6696B2D12272B4AE007FDFE4 /* DemoVC6Cell.m */; };
		6696B3082272B4AE007FDFE4 /* DemoVC6Header.m in Sources */ = {isa = PBXBuildFile; fileRef = 6696B2D32272B4AE007FDFE4 /* DemoVC6Header.m */; };
		6696B3092272B4AE007FDFE4 /* DemoVC6Footer.m in Sources */ = {isa = PBXBuildFile; fileRef = 6696B2D52272B4AE007FDFE4 /* DemoVC6Footer.m */; };
		6696B30A2272B4AE007FDFE4 /* DemoVC7.m in Sources */ = {isa = PBXBuildFile; fileRef = 6696B2DB2272B4AE007FDFE4 /* DemoVC7.m */; };
		6696B30B2272B4AE007FDFE4 /* DemoVC7Footer.m in Sources */ = {isa = PBXBuildFile; fileRef = 6696B2DC2272B4AE007FDFE4 /* DemoVC7Footer.m */; };
		6696B30C2272B4AE007FDFE4 /* DemoVC7Cell.m in Sources */ = {isa = PBXBuildFile; fileRef = 6696B2DD2272B4AE007FDFE4 /* DemoVC7Cell.m */; };
		6696B30D2272B4AE007FDFE4 /* DemoVC7Header.m in Sources */ = {isa = PBXBuildFile; fileRef = 6696B2DE2272B4AE007FDFE4 /* DemoVC7Header.m */; };
		6696B3102272B4C4007FDFE4 /* ViewController.m in Sources */ = {isa = PBXBuildFile; fileRef = 6696B30F2272B4C4007FDFE4 /* ViewController.m */; };
		6696B31A2272B4EB007FDFE4 /* YYWeakProxy.m in Sources */ = {isa = PBXBuildFile; fileRef = 6696B3122272B4EB007FDFE4 /* YYWeakProxy.m */; };
		6696B31B2272B4EB007FDFE4 /* CHD_ListView_Structure.m in Sources */ = {isa = PBXBuildFile; fileRef = 6696B3132272B4EB007FDFE4 /* CHD_ListView_Structure.m */; };
		6696B31C2272B4EB007FDFE4 /* UIView+gesture.m in Sources */ = {isa = PBXBuildFile; fileRef = 6696B3172272B4EB007FDFE4 /* UIView+gesture.m */; };
		6696B3202272B76C007FDFE4 /* YYFPSLabel.m in Sources */ = {isa = PBXBuildFile; fileRef = 6696B31E2272B76C007FDFE4 /* YYFPSLabel.m */; };
		6696B3232272C952007FDFE4 /* VCCell.m in Sources */ = {isa = PBXBuildFile; fileRef = 6696B3222272C952007FDFE4 /* VCCell.m */; };
		66B6B7F922844CCB009FECF1 /* DemoVC4Footer.m in Sources */ = {isa = PBXBuildFile; fileRef = 66B6B7F322844CCA009FECF1 /* DemoVC4Footer.m */; };
		66B6B7FA22844CCB009FECF1 /* DemoVC4Header.m in Sources */ = {isa = PBXBuildFile; fileRef = 66B6B7F622844CCA009FECF1 /* DemoVC4Header.m */; };
		66B6B7FB22844CCB009FECF1 /* DemoVC4Cell.m in Sources */ = {isa = PBXBuildFile; fileRef = 66B6B7F822844CCA009FECF1 /* DemoVC4Cell.m */; };
		66B6B7FE2284FEB1009FECF1 /* DemoVC4Cell2.m in Sources */ = {isa = PBXBuildFile; fileRef = 66B6B7FD2284FEB1009FECF1 /* DemoVC4Cell2.m */; };
		66B6B801228509B8009FECF1 /* DemoVC4ViewModel.m in Sources */ = {isa = PBXBuildFile; fileRef = 66B6B800228509B8009FECF1 /* DemoVC4ViewModel.m */; };
		66B825D5229FC1BD006549A2 /* HDStopView.m in Sources */ = {isa = PBXBuildFile; fileRef = 66B825D4229FC1BD006549A2 /* HDStopView.m */; };
		66B825D822A3F8D6006549A2 /* DemoVC5DecorationView.m in Sources */ = {isa = PBXBuildFile; fileRef = 66B825D722A3F8D6006549A2 /* DemoVC5DecorationView.m */; };
		66BF786E229E690D006C5118 /* HDWebView.m in Sources */ = {isa = PBXBuildFile; fileRef = 66BF786D229E690D006C5118 /* HDWebView.m */; };
		66D626752292E8CA00A2D29B /* QQDemo2FriendVC.m in Sources */ = {isa = PBXBuildFile; fileRef = 66D626742292E8CA00A2D29B /* QQDemo2FriendVC.m */; };
		66F90BFE229E66F70043C06D /* NewsDetailDemoVC.m in Sources */ = {isa = PBXBuildFile; fileRef = 66F90BFD229E66F70043C06D /* NewsDetailDemoVC.m */; };
		66F90C01229E68090043C06D /* HDNewsCollectionView.m in Sources */ = {isa = PBXBuildFile; fileRef = 66F90C00229E68090043C06D /* HDNewsCollectionView.m */; };
		71719F9F1E33DC2100824A3D /* LaunchScreen.storyboard in Resources */ = {isa = PBXBuildFile; fileRef = 71719F9D1E33DC2100824A3D /* LaunchScreen.storyboard */; };
		873B8AEB1B1F5CCA007FD442 /* Main.storyboard in Resources */ = {isa = PBXBuildFile; fileRef = 873B8AEA1B1F5CCA007FD442 /* Main.storyboard */; };
/* End PBXBuildFile section */

/* Begin PBXContainerItemProxy section */
		6003F5B3195388D20070C39A /* PBXContainerItemProxy */ = {
			isa = PBXContainerItemProxy;
			containerPortal = 6003F582195388D10070C39A /* Project object */;
			proxyType = 1;
			remoteGlobalIDString = 6003F589195388D20070C39A;
			remoteInfo = HDCollectionView;
		};
/* End PBXContainerItemProxy section */

/* Begin PBXFileReference section */
		02294E1BC3A694898C9B5F56 /* Pods_HDCollectionView_Tests.framework */ = {isa = PBXFileReference; explicitFileType = wrapper.framework; includeInIndex = 0; path = Pods_HDCollectionView_Tests.framework; sourceTree = BUILT_PRODUCTS_DIR; };
		280535312447ED1100BE0249 /* README_CN.md */ = {isa = PBXFileReference; fileEncoding = 4; lastKnownFileType = net.daringfireball.markdown; name = README_CN.md; path = ../README_CN.md; sourceTree = "<group>"; };
		280DA6C8242B01D1007CCB90 /* libc++.tbd */ = {isa = PBXFileReference; lastKnownFileType = "sourcecode.text-based-dylib-definition"; name = "libc++.tbd"; path = "usr/lib/libc++.tbd"; sourceTree = SDKROOT; };
		28890180241B207100406FE8 /* DemoVC3CellVM.h */ = {isa = PBXFileReference; lastKnownFileType = sourcecode.c.h; path = DemoVC3CellVM.h; sourceTree = "<group>"; };
		28890181241B207100406FE8 /* DemoVC3CellVM.m */ = {isa = PBXFileReference; lastKnownFileType = sourcecode.c.objc; path = DemoVC3CellVM.m; sourceTree = "<group>"; };
		2889DDD4245AD386006C8670 /* DemoVC1Footer.h */ = {isa = PBXFileReference; fileEncoding = 4; lastKnownFileType = sourcecode.c.h; path = DemoVC1Footer.h; sourceTree = "<group>"; };
		2889DDD5245AD386006C8670 /* DemoVC1Footer.m */ = {isa = PBXFileReference; fileEncoding = 4; lastKnownFileType = sourcecode.c.objc; path = DemoVC1Footer.m; sourceTree = "<group>"; };
		28AC5E0B235ED6F300657ACE /* NSArray+HDHelper.h */ = {isa = PBXFileReference; fileEncoding = 4; lastKnownFileType = sourcecode.c.h; path = "NSArray+HDHelper.h"; sourceTree = "<group>"; };
		28AC5E0C235ED6F300657ACE /* NSArray+HDHelper.m */ = {isa = PBXFileReference; fileEncoding = 4; lastKnownFileType = sourcecode.c.objc; path = "NSArray+HDHelper.m"; sourceTree = "<group>"; };
		28AC5E0E235FF9E300657ACE /* DemoVC4DecorationView.h */ = {isa = PBXFileReference; lastKnownFileType = sourcecode.c.h; path = DemoVC4DecorationView.h; sourceTree = "<group>"; };
		28AC5E0F235FF9E300657ACE /* DemoVC4DecorationView.m */ = {isa = PBXFileReference; lastKnownFileType = sourcecode.c.objc; path = DemoVC4DecorationView.m; sourceTree = "<group>"; };
		28E4B541230263A700BEBC34 /* QQDemo2FriendVCVM.h */ = {isa = PBXFileReference; lastKnownFileType = sourcecode.c.h; path = QQDemo2FriendVCVM.h; sourceTree = "<group>"; };
		28E4B542230263A700BEBC34 /* QQDemo2FriendVCVM.m */ = {isa = PBXFileReference; lastKnownFileType = sourcecode.c.objc; path = QQDemo2FriendVCVM.m; sourceTree = "<group>"; };
		28FE5C1022FD536E007FD9AA /* QQDemoFriendModel.h */ = {isa = PBXFileReference; lastKnownFileType = sourcecode.c.h; path = QQDemoFriendModel.h; sourceTree = "<group>"; };
		28FE5C1122FD536E007FD9AA /* QQDemoFriendModel.m */ = {isa = PBXFileReference; lastKnownFileType = sourcecode.c.objc; path = QQDemoFriendModel.m; sourceTree = "<group>"; };
		3EA6CFB47225E3A04727A23D /* LICENSE */ = {isa = PBXFileReference; includeInIndex = 1; lastKnownFileType = text; name = LICENSE; path = ../LICENSE; sourceTree = "<group>"; };
		5B164F0C9815D3C73EF62558 /* Pods-HDCollectionView_Tests.debug.xcconfig */ = {isa = PBXFileReference; includeInIndex = 1; lastKnownFileType = text.xcconfig; name = "Pods-HDCollectionView_Tests.debug.xcconfig"; path = "Pods/Target Support Files/Pods-HDCollectionView_Tests/Pods-HDCollectionView_Tests.debug.xcconfig"; sourceTree = "<group>"; };
		5C63DD97A3232C4B959CA8B5 /* Pods-HDCollectionView_Tests.release.xcconfig */ = {isa = PBXFileReference; includeInIndex = 1; lastKnownFileType = text.xcconfig; name = "Pods-HDCollectionView_Tests.release.xcconfig"; path = "Pods/Target Support Files/Pods-HDCollectionView_Tests/Pods-HDCollectionView_Tests.release.xcconfig"; sourceTree = "<group>"; };
		6003F58A195388D20070C39A /* HDCollectionView_Example.app */ = {isa = PBXFileReference; explicitFileType = wrapper.application; includeInIndex = 0; path = HDCollectionView_Example.app; sourceTree = BUILT_PRODUCTS_DIR; };
		6003F58D195388D20070C39A /* Foundation.framework */ = {isa = PBXFileReference; lastKnownFileType = wrapper.framework; name = Foundation.framework; path = System/Library/Frameworks/Foundation.framework; sourceTree = SDKROOT; };
		6003F58F195388D20070C39A /* CoreGraphics.framework */ = {isa = PBXFileReference; lastKnownFileType = wrapper.framework; name = CoreGraphics.framework; path = System/Library/Frameworks/CoreGraphics.framework; sourceTree = SDKROOT; };
		6003F591195388D20070C39A /* UIKit.framework */ = {isa = PBXFileReference; lastKnownFileType = wrapper.framework; name = UIKit.framework; path = System/Library/Frameworks/UIKit.framework; sourceTree = SDKROOT; };
		6003F595195388D20070C39A /* HDCollectionView-Info.plist */ = {isa = PBXFileReference; lastKnownFileType = text.plist.xml; path = "HDCollectionView-Info.plist"; sourceTree = "<group>"; };
		6003F597195388D20070C39A /* en */ = {isa = PBXFileReference; lastKnownFileType = text.plist.strings; name = en; path = en.lproj/InfoPlist.strings; sourceTree = "<group>"; };
		6003F599195388D20070C39A /* main.m */ = {isa = PBXFileReference; lastKnownFileType = sourcecode.c.objc; path = main.m; sourceTree = "<group>"; };
		6003F59B195388D20070C39A /* HDCollectionView-Prefix.pch */ = {isa = PBXFileReference; lastKnownFileType = sourcecode.c.h; path = "HDCollectionView-Prefix.pch"; sourceTree = "<group>"; };
		6003F59C195388D20070C39A /* HDAppDelegate.h */ = {isa = PBXFileReference; lastKnownFileType = sourcecode.c.h; path = HDAppDelegate.h; sourceTree = "<group>"; };
		6003F59D195388D20070C39A /* HDAppDelegate.m */ = {isa = PBXFileReference; lastKnownFileType = sourcecode.c.objc; path = HDAppDelegate.m; sourceTree = "<group>"; };
		6003F5A8195388D20070C39A /* Images.xcassets */ = {isa = PBXFileReference; lastKnownFileType = folder.assetcatalog; path = Images.xcassets; sourceTree = "<group>"; };
		6003F5AE195388D20070C39A /* HDCollectionView_Tests.xctest */ = {isa = PBXFileReference; explicitFileType = wrapper.cfbundle; includeInIndex = 0; path = HDCollectionView_Tests.xctest; sourceTree = BUILT_PRODUCTS_DIR; };
		6003F5AF195388D20070C39A /* XCTest.framework */ = {isa = PBXFileReference; lastKnownFileType = wrapper.framework; name = XCTest.framework; path = Library/Frameworks/XCTest.framework; sourceTree = DEVELOPER_DIR; };
		6003F5B7195388D20070C39A /* Tests-Info.plist */ = {isa = PBXFileReference; lastKnownFileType = text.plist.xml; path = "Tests-Info.plist"; sourceTree = "<group>"; };
		6003F5B9195388D20070C39A /* en */ = {isa = PBXFileReference; lastKnownFileType = text.plist.strings; name = en; path = en.lproj/InfoPlist.strings; sourceTree = "<group>"; };
		6003F5BB195388D20070C39A /* Tests.m */ = {isa = PBXFileReference; lastKnownFileType = sourcecode.c.objc; path = Tests.m; sourceTree = "<group>"; };
		606FC2411953D9B200FFA9A0 /* Tests-Prefix.pch */ = {isa = PBXFileReference; lastKnownFileType = sourcecode.c.h; path = "Tests-Prefix.pch"; sourceTree = "<group>"; };
		6635BBE02293AB2E0037EE0A /* HDMultipleScrollListMainVC.h */ = {isa = PBXFileReference; lastKnownFileType = sourcecode.c.h; path = HDMultipleScrollListMainVC.h; sourceTree = "<group>"; };
		6635BBE12293AB2E0037EE0A /* HDMultipleScrollListMainVC.m */ = {isa = PBXFileReference; lastKnownFileType = sourcecode.c.objc; path = HDMultipleScrollListMainVC.m; sourceTree = "<group>"; };
		6635BBE32293AB3E0037EE0A /* HDMultipleScrollListSubVC.h */ = {isa = PBXFileReference; lastKnownFileType = sourcecode.c.h; path = HDMultipleScrollListSubVC.h; sourceTree = "<group>"; };
		6635BBE42293AB3E0037EE0A /* HDMultipleScrollListSubVC.m */ = {isa = PBXFileReference; lastKnownFileType = sourcecode.c.objc; path = HDMultipleScrollListSubVC.m; sourceTree = "<group>"; };
		6635BBE62293BF7D0037EE0A /* HDCollectionView+MultipleScroll.m */ = {isa = PBXFileReference; fileEncoding = 4; lastKnownFileType = sourcecode.c.objc; path = "HDCollectionView+MultipleScroll.m"; sourceTree = "<group>"; };
		6635BBE72293BF7D0037EE0A /* HDCollectionView+MultipleScroll.h */ = {isa = PBXFileReference; fileEncoding = 4; lastKnownFileType = sourcecode.c.h; path = "HDCollectionView+MultipleScroll.h"; sourceTree = "<group>"; };
		6643053B2292E0D900E29603 /* HDMultipleScrollListView.h */ = {isa = PBXFileReference; fileEncoding = 4; lastKnownFileType = sourcecode.c.h; path = HDMultipleScrollListView.h; sourceTree = "<group>"; };
		6643053C2292E0D900E29603 /* HDMultipleScrollListView.m */ = {isa = PBXFileReference; fileEncoding = 4; lastKnownFileType = sourcecode.c.objc; path = HDMultipleScrollListView.m; sourceTree = "<group>"; };
		664305432292E1A800E29603 /* QQDemo2VC.h */ = {isa = PBXFileReference; lastKnownFileType = sourcecode.c.h; path = QQDemo2VC.h; sourceTree = "<group>"; };
		664305442292E1A800E29603 /* QQDemo2VC.m */ = {isa = PBXFileReference; lastKnownFileType = sourcecode.c.objc; path = QQDemo2VC.m; sourceTree = "<group>"; };
		664305462292E6DF00E29603 /* QQDemo2VCViewModel.h */ = {isa = PBXFileReference; lastKnownFileType = sourcecode.c.h; path = QQDemo2VCViewModel.h; sourceTree = "<group>"; };
		664305472292E6DF00E29603 /* QQDemo2VCViewModel.m */ = {isa = PBXFileReference; lastKnownFileType = sourcecode.c.objc; path = QQDemo2VCViewModel.m; sourceTree = "<group>"; };
		6689F3A422964D8B0041A441 /* QQDemoFriendCellVM.h */ = {isa = PBXFileReference; fileEncoding = 4; lastKnownFileType = sourcecode.c.h; path = QQDemoFriendCellVM.h; sourceTree = "<group>"; };
		6689F3A522964D8B0041A441 /* QQDemoOpenCloseSec.h */ = {isa = PBXFileReference; fileEncoding = 4; lastKnownFileType = sourcecode.c.h; path = QQDemoOpenCloseSec.h; sourceTree = "<group>"; };
		6689F3A622964D8B0041A441 /* QQDemoOpenCloseSec.m */ = {isa = PBXFileReference; fileEncoding = 4; lastKnownFileType = sourcecode.c.objc; path = QQDemoOpenCloseSec.m; sourceTree = "<group>"; };
		6689F3A722964D8B0041A441 /* QQDemoFriendCellVM.m */ = {isa = PBXFileReference; fileEncoding = 4; lastKnownFileType = sourcecode.c.objc; path = QQDemoFriendCellVM.m; sourceTree = "<group>"; };
		6689F3AB22964D8B0041A441 /* QQDemoGapCell.h */ = {isa = PBXFileReference; fileEncoding = 4; lastKnownFileType = sourcecode.c.h; path = QQDemoGapCell.h; sourceTree = "<group>"; };
		6689F3AC22964D8B0041A441 /* QQDemoFriendCell.h */ = {isa = PBXFileReference; fileEncoding = 4; lastKnownFileType = sourcecode.c.h; path = QQDemoFriendCell.h; sourceTree = "<group>"; };
		6689F3AE22964D8B0041A441 /* QQDemoSearchCell.m */ = {isa = PBXFileReference; fileEncoding = 4; lastKnownFileType = sourcecode.c.objc; path = QQDemoSearchCell.m; sourceTree = "<group>"; };
		6689F3AF22964D8B0041A441 /* QQDemoCreateCell.m */ = {isa = PBXFileReference; fileEncoding = 4; lastKnownFileType = sourcecode.c.objc; path = QQDemoCreateCell.m; sourceTree = "<group>"; };
		6689F3B022964D8B0041A441 /* QQDemoFriendGroupHeader.m */ = {isa = PBXFileReference; fileEncoding = 4; lastKnownFileType = sourcecode.c.objc; path = QQDemoFriendGroupHeader.m; sourceTree = "<group>"; };
		6689F3B422964D8B0041A441 /* QQDemoFriendCell.m */ = {isa = PBXFileReference; fileEncoding = 4; lastKnownFileType = sourcecode.c.objc; path = QQDemoFriendCell.m; sourceTree = "<group>"; };
		6689F3B522964D8B0041A441 /* QQDemoGapCell.m */ = {isa = PBXFileReference; fileEncoding = 4; lastKnownFileType = sourcecode.c.objc; path = QQDemoGapCell.m; sourceTree = "<group>"; };
		6689F3B622964D8B0041A441 /* QQDemoSearchCell.h */ = {isa = PBXFileReference; fileEncoding = 4; lastKnownFileType = sourcecode.c.h; path = QQDemoSearchCell.h; sourceTree = "<group>"; };
		6689F3B722964D8B0041A441 /* QQDemoCreateCell.h */ = {isa = PBXFileReference; fileEncoding = 4; lastKnownFileType = sourcecode.c.h; path = QQDemoCreateCell.h; sourceTree = "<group>"; };
		6689F3B822964D8B0041A441 /* QQDemoFriendGroupHeader.h */ = {isa = PBXFileReference; fileEncoding = 4; lastKnownFileType = sourcecode.c.h; path = QQDemoFriendGroupHeader.h; sourceTree = "<group>"; };
		6696B2772272B4AE007FDFE4 /* DemoVC5Header.h */ = {isa = PBXFileReference; fileEncoding = 4; lastKnownFileType = sourcecode.c.h; path = DemoVC5Header.h; sourceTree = "<group>"; };
		6696B2782272B4AE007FDFE4 /* DemoVC5.m */ = {isa = PBXFileReference; fileEncoding = 4; lastKnownFileType = sourcecode.c.objc; path = DemoVC5.m; sourceTree = "<group>"; };
		6696B2792272B4AE007FDFE4 /* DemoVC5Footer.h */ = {isa = PBXFileReference; fileEncoding = 4; lastKnownFileType = sourcecode.c.h; path = DemoVC5Footer.h; sourceTree = "<group>"; };
		6696B27A2272B4AE007FDFE4 /* DemoVC5Cell2.h */ = {isa = PBXFileReference; fileEncoding = 4; lastKnownFileType = sourcecode.c.h; path = DemoVC5Cell2.h; sourceTree = "<group>"; };
		6696B27B2272B4AE007FDFE4 /* DemoVC5Cell.h */ = {isa = PBXFileReference; fileEncoding = 4; lastKnownFileType = sourcecode.c.h; path = DemoVC5Cell.h; sourceTree = "<group>"; };
		6696B27C2272B4AE007FDFE4 /* DemoVC5Footer.m */ = {isa = PBXFileReference; fileEncoding = 4; lastKnownFileType = sourcecode.c.objc; path = DemoVC5Footer.m; sourceTree = "<group>"; };
		6696B27D2272B4AE007FDFE4 /* DemoVC5.h */ = {isa = PBXFileReference; fileEncoding = 4; lastKnownFileType = sourcecode.c.h; path = DemoVC5.h; sourceTree = "<group>"; };
		6696B27E2272B4AE007FDFE4 /* DemoVC5Header.m */ = {isa = PBXFileReference; fileEncoding = 4; lastKnownFileType = sourcecode.c.objc; path = DemoVC5Header.m; sourceTree = "<group>"; };
		6696B27F2272B4AE007FDFE4 /* DemoVC5Cell.m */ = {isa = PBXFileReference; fileEncoding = 4; lastKnownFileType = sourcecode.c.objc; path = DemoVC5Cell.m; sourceTree = "<group>"; };
		6696B2802272B4AE007FDFE4 /* DemoVC5Cell2.m */ = {isa = PBXFileReference; fileEncoding = 4; lastKnownFileType = sourcecode.c.objc; path = DemoVC5Cell2.m; sourceTree = "<group>"; };
		6696B2822272B4AE007FDFE4 /* DemoVC2Header.m */ = {isa = PBXFileReference; fileEncoding = 4; lastKnownFileType = sourcecode.c.objc; path = DemoVC2Header.m; sourceTree = "<group>"; };
		6696B2832272B4AE007FDFE4 /* DemoVC2Footer.m */ = {isa = PBXFileReference; fileEncoding = 4; lastKnownFileType = sourcecode.c.objc; path = DemoVC2Footer.m; sourceTree = "<group>"; };
		6696B2842272B4AE007FDFE4 /* DemoVC2Cell.h */ = {isa = PBXFileReference; fileEncoding = 4; lastKnownFileType = sourcecode.c.h; path = DemoVC2Cell.h; sourceTree = "<group>"; };
		6696B2852272B4AE007FDFE4 /* DemoVC2Cell2.m */ = {isa = PBXFileReference; fileEncoding = 4; lastKnownFileType = sourcecode.c.objc; path = DemoVC2Cell2.m; sourceTree = "<group>"; };
		6696B2862272B4AE007FDFE4 /* DemoVC2.m */ = {isa = PBXFileReference; fileEncoding = 4; lastKnownFileType = sourcecode.c.objc; path = DemoVC2.m; sourceTree = "<group>"; };
		6696B2872272B4AE007FDFE4 /* DemoVC2Cell.m */ = {isa = PBXFileReference; fileEncoding = 4; lastKnownFileType = sourcecode.c.objc; path = DemoVC2Cell.m; sourceTree = "<group>"; };
		6696B2882272B4AE007FDFE4 /* DemoVC2Footer.h */ = {isa = PBXFileReference; fileEncoding = 4; lastKnownFileType = sourcecode.c.h; path = DemoVC2Footer.h; sourceTree = "<group>"; };
		6696B2892272B4AE007FDFE4 /* DemoVC2Header.h */ = {isa = PBXFileReference; fileEncoding = 4; lastKnownFileType = sourcecode.c.h; path = DemoVC2Header.h; sourceTree = "<group>"; };
		6696B28A2272B4AE007FDFE4 /* DemoVC2Cell2.h */ = {isa = PBXFileReference; fileEncoding = 4; lastKnownFileType = sourcecode.c.h; path = DemoVC2Cell2.h; sourceTree = "<group>"; };
		6696B28B2272B4AE007FDFE4 /* DemoVC2.h */ = {isa = PBXFileReference; fileEncoding = 4; lastKnownFileType = sourcecode.c.h; path = DemoVC2.h; sourceTree = "<group>"; };
		6696B28D2272B4AE007FDFE4 /* DemoVC3.h */ = {isa = PBXFileReference; fileEncoding = 4; lastKnownFileType = sourcecode.c.h; path = DemoVC3.h; sourceTree = "<group>"; };
		6696B28E2272B4AE007FDFE4 /* DemoVC3CellModel.m */ = {isa = PBXFileReference; fileEncoding = 4; lastKnownFileType = sourcecode.c.objc; path = DemoVC3CellModel.m; sourceTree = "<group>"; };
		6696B28F2272B4AE007FDFE4 /* DemoVC3Footer.m */ = {isa = PBXFileReference; fileEncoding = 4; lastKnownFileType = sourcecode.c.objc; path = DemoVC3Footer.m; sourceTree = "<group>"; };
		6696B2902272B4AE007FDFE4 /* DemoVC3Header.m */ = {isa = PBXFileReference; fileEncoding = 4; lastKnownFileType = sourcecode.c.objc; path = DemoVC3Header.m; sourceTree = "<group>"; };
		6696B2932272B4AE007FDFE4 /* DemoVC3Cell.h */ = {isa = PBXFileReference; fileEncoding = 4; lastKnownFileType = sourcecode.c.h; path = DemoVC3Cell.h; sourceTree = "<group>"; };
		6696B2942272B4AE007FDFE4 /* DemoVC3.m */ = {isa = PBXFileReference; fileEncoding = 4; lastKnownFileType = sourcecode.c.objc; path = DemoVC3.m; sourceTree = "<group>"; };
		6696B2952272B4AE007FDFE4 /* DemoVC3Header.h */ = {isa = PBXFileReference; fileEncoding = 4; lastKnownFileType = sourcecode.c.h; path = DemoVC3Header.h; sourceTree = "<group>"; };
		6696B2962272B4AE007FDFE4 /* DemoVC3Footer.h */ = {isa = PBXFileReference; fileEncoding = 4; lastKnownFileType = sourcecode.c.h; path = DemoVC3Footer.h; sourceTree = "<group>"; };
		6696B2972272B4AE007FDFE4 /* DemoVC3CellModel.h */ = {isa = PBXFileReference; fileEncoding = 4; lastKnownFileType = sourcecode.c.h; path = DemoVC3CellModel.h; sourceTree = "<group>"; };
		6696B2982272B4AE007FDFE4 /* DemoVC3Cell.m */ = {isa = PBXFileReference; fileEncoding = 4; lastKnownFileType = sourcecode.c.objc; path = DemoVC3Cell.m; sourceTree = "<group>"; };
		6696B29E2272B4AE007FDFE4 /* DemoVC4.h */ = {isa = PBXFileReference; fileEncoding = 4; lastKnownFileType = sourcecode.c.h; path = DemoVC4.h; sourceTree = "<group>"; };
		6696B2A62272B4AE007FDFE4 /* DemoVC4.m */ = {isa = PBXFileReference; fileEncoding = 4; lastKnownFileType = sourcecode.c.objc; path = DemoVC4.m; sourceTree = "<group>"; };
		6696B2AC2272B4AE007FDFE4 /* AHCVCViewModel.m */ = {isa = PBXFileReference; fileEncoding = 4; lastKnownFileType = sourcecode.c.objc; path = AHCVCViewModel.m; sourceTree = "<group>"; };
		6696B2AD2272B4AE007FDFE4 /* carInfo.geojson */ = {isa = PBXFileReference; fileEncoding = 4; lastKnownFileType = text; path = carInfo.geojson; sourceTree = "<group>"; };
		6696B2AE2272B4AE007FDFE4 /* AHCVCViewModel.h */ = {isa = PBXFileReference; fileEncoding = 4; lastKnownFileType = sourcecode.c.h; path = AHCVCViewModel.h; sourceTree = "<group>"; };
		6696B2B02272B4AE007FDFE4 /* AHCModel.h */ = {isa = PBXFileReference; fileEncoding = 4; lastKnownFileType = sourcecode.c.h; path = AHCModel.h; sourceTree = "<group>"; };
		6696B2B12272B4AE007FDFE4 /* AHCModel.m */ = {isa = PBXFileReference; fileEncoding = 4; lastKnownFileType = sourcecode.c.objc; path = AHCModel.m; sourceTree = "<group>"; };
		6696B2B32272B4AE007FDFE4 /* UIView+AroundLine.h */ = {isa = PBXFileReference; fileEncoding = 4; lastKnownFileType = sourcecode.c.h; path = "UIView+AroundLine.h"; sourceTree = "<group>"; };
		6696B2B42272B4AE007FDFE4 /* AHCTopHeader.h */ = {isa = PBXFileReference; fileEncoding = 4; lastKnownFileType = sourcecode.c.h; path = AHCTopHeader.h; sourceTree = "<group>"; };
		6696B2B52272B4AE007FDFE4 /* AHCBaseCollectionView.m */ = {isa = PBXFileReference; fileEncoding = 4; lastKnownFileType = sourcecode.c.objc; path = AHCBaseCollectionView.m; sourceTree = "<group>"; };
		6696B2B62272B4AE007FDFE4 /* AHCRefPriceCell.m */ = {isa = PBXFileReference; fileEncoding = 4; lastKnownFileType = sourcecode.c.objc; path = AHCRefPriceCell.m; sourceTree = "<group>"; };
		6696B2B72272B4AE007FDFE4 /* AHCNormalCell.m */ = {isa = PBXFileReference; fileEncoding = 4; lastKnownFileType = sourcecode.c.objc; path = AHCNormalCell.m; sourceTree = "<group>"; };
		6696B2B82272B4AE007FDFE4 /* AHCHeader.h */ = {isa = PBXFileReference; fileEncoding = 4; lastKnownFileType = sourcecode.c.h; path = AHCHeader.h; sourceTree = "<group>"; };
		6696B2B92272B4AE007FDFE4 /* UIView+AroundLine.m */ = {isa = PBXFileReference; fileEncoding = 4; lastKnownFileType = sourcecode.c.objc; path = "UIView+AroundLine.m"; sourceTree = "<group>"; };
		6696B2BA2272B4AE007FDFE4 /* AHCTopHeader.m */ = {isa = PBXFileReference; fileEncoding = 4; lastKnownFileType = sourcecode.c.objc; path = AHCTopHeader.m; sourceTree = "<group>"; };
		6696B2BB2272B4AE007FDFE4 /* AHCNormalCell.h */ = {isa = PBXFileReference; fileEncoding = 4; lastKnownFileType = sourcecode.c.h; path = AHCNormalCell.h; sourceTree = "<group>"; };
		6696B2BC2272B4AE007FDFE4 /* AHCHeader.m */ = {isa = PBXFileReference; fileEncoding = 4; lastKnownFileType = sourcecode.c.objc; path = AHCHeader.m; sourceTree = "<group>"; };
		6696B2BD2272B4AE007FDFE4 /* AHCRefPriceCell.h */ = {isa = PBXFileReference; fileEncoding = 4; lastKnownFileType = sourcecode.c.h; path = AHCRefPriceCell.h; sourceTree = "<group>"; };
		6696B2BE2272B4AE007FDFE4 /* AHCBaseCollectionView.h */ = {isa = PBXFileReference; fileEncoding = 4; lastKnownFileType = sourcecode.c.h; path = AHCBaseCollectionView.h; sourceTree = "<group>"; };
		6696B2C02272B4AE007FDFE4 /* AutoHomeCarInfoVC.m */ = {isa = PBXFileReference; fileEncoding = 4; lastKnownFileType = sourcecode.c.objc; path = AutoHomeCarInfoVC.m; sourceTree = "<group>"; };
		6696B2C12272B4AE007FDFE4 /* HDSCVOffsetBinder.m */ = {isa = PBXFileReference; fileEncoding = 4; lastKnownFileType = sourcecode.c.objc; path = HDSCVOffsetBinder.m; sourceTree = "<group>"; };
		6696B2C22272B4AE007FDFE4 /* AutoHomeCarInfoVC.h */ = {isa = PBXFileReference; fileEncoding = 4; lastKnownFileType = sourcecode.c.h; path = AutoHomeCarInfoVC.h; sourceTree = "<group>"; };
		6696B2C32272B4AE007FDFE4 /* HDSCVOffsetBinder.h */ = {isa = PBXFileReference; fileEncoding = 4; lastKnownFileType = sourcecode.c.h; path = HDSCVOffsetBinder.h; sourceTree = "<group>"; };
		6696B2C52272B4AE007FDFE4 /* DemoVC1.m */ = {isa = PBXFileReference; fileEncoding = 4; lastKnownFileType = sourcecode.c.objc; path = DemoVC1.m; sourceTree = "<group>"; };
		6696B2C62272B4AE007FDFE4 /* DemoVC1Cell.h */ = {isa = PBXFileReference; fileEncoding = 4; lastKnownFileType = sourcecode.c.h; path = DemoVC1Cell.h; sourceTree = "<group>"; };
		6696B2C72272B4AE007FDFE4 /* DemoVC1Header.m */ = {isa = PBXFileReference; fileEncoding = 4; lastKnownFileType = sourcecode.c.objc; path = DemoVC1Header.m; sourceTree = "<group>"; };
		6696B2C82272B4AE007FDFE4 /* DemoVC1.h */ = {isa = PBXFileReference; fileEncoding = 4; lastKnownFileType = sourcecode.c.h; path = DemoVC1.h; sourceTree = "<group>"; };
		6696B2C92272B4AE007FDFE4 /* DemoVC1Header.h */ = {isa = PBXFileReference; fileEncoding = 4; lastKnownFileType = sourcecode.c.h; path = DemoVC1Header.h; sourceTree = "<group>"; };
		6696B2CA2272B4AE007FDFE4 /* DemoVC1Cell.m */ = {isa = PBXFileReference; fileEncoding = 4; lastKnownFileType = sourcecode.c.objc; path = DemoVC1Cell.m; sourceTree = "<group>"; };
		6696B2CC2272B4AE007FDFE4 /* DemoVC6Cell.h */ = {isa = PBXFileReference; fileEncoding = 4; lastKnownFileType = sourcecode.c.h; path = DemoVC6Cell.h; sourceTree = "<group>"; };
		6696B2CD2272B4AE007FDFE4 /* DemoVC6Footer.h */ = {isa = PBXFileReference; fileEncoding = 4; lastKnownFileType = sourcecode.c.h; path = DemoVC6Footer.h; sourceTree = "<group>"; };
		6696B2CE2272B4AE007FDFE4 /* DemoVC6DecorationView.m */ = {isa = PBXFileReference; fileEncoding = 4; lastKnownFileType = sourcecode.c.objc; path = DemoVC6DecorationView.m; sourceTree = "<group>"; };
		6696B2CF2272B4AE007FDFE4 /* DemoVC6.m */ = {isa = PBXFileReference; fileEncoding = 4; lastKnownFileType = sourcecode.c.objc; path = DemoVC6.m; sourceTree = "<group>"; };
		6696B2D02272B4AE007FDFE4 /* DemoVC6Header.h */ = {isa = PBXFileReference; fileEncoding = 4; lastKnownFileType = sourcecode.c.h; path = DemoVC6Header.h; sourceTree = "<group>"; };
		6696B2D12272B4AE007FDFE4 /* DemoVC6Cell.m */ = {isa = PBXFileReference; fileEncoding = 4; lastKnownFileType = sourcecode.c.objc; path = DemoVC6Cell.m; sourceTree = "<group>"; };
		6696B2D22272B4AE007FDFE4 /* DemoVC6.h */ = {isa = PBXFileReference; fileEncoding = 4; lastKnownFileType = sourcecode.c.h; path = DemoVC6.h; sourceTree = "<group>"; };
		6696B2D32272B4AE007FDFE4 /* DemoVC6Header.m */ = {isa = PBXFileReference; fileEncoding = 4; lastKnownFileType = sourcecode.c.objc; path = DemoVC6Header.m; sourceTree = "<group>"; };
		6696B2D42272B4AE007FDFE4 /* DemoVC6DecorationView.h */ = {isa = PBXFileReference; fileEncoding = 4; lastKnownFileType = sourcecode.c.h; path = DemoVC6DecorationView.h; sourceTree = "<group>"; };
		6696B2D52272B4AE007FDFE4 /* DemoVC6Footer.m */ = {isa = PBXFileReference; fileEncoding = 4; lastKnownFileType = sourcecode.c.objc; path = DemoVC6Footer.m; sourceTree = "<group>"; };
		6696B2D72272B4AE007FDFE4 /* DemoVC7.h */ = {isa = PBXFileReference; fileEncoding = 4; lastKnownFileType = sourcecode.c.h; path = DemoVC7.h; sourceTree = "<group>"; };
		6696B2D82272B4AE007FDFE4 /* DemoVC7Header.h */ = {isa = PBXFileReference; fileEncoding = 4; lastKnownFileType = sourcecode.c.h; path = DemoVC7Header.h; sourceTree = "<group>"; };
		6696B2D92272B4AE007FDFE4 /* DemoVC7Cell.h */ = {isa = PBXFileReference; fileEncoding = 4; lastKnownFileType = sourcecode.c.h; path = DemoVC7Cell.h; sourceTree = "<group>"; };
		6696B2DA2272B4AE007FDFE4 /* DemoVC7Footer.h */ = {isa = PBXFileReference; fileEncoding = 4; lastKnownFileType = sourcecode.c.h; path = DemoVC7Footer.h; sourceTree = "<group>"; };
		6696B2DB2272B4AE007FDFE4 /* DemoVC7.m */ = {isa = PBXFileReference; fileEncoding = 4; lastKnownFileType = sourcecode.c.objc; path = DemoVC7.m; sourceTree = "<group>"; };
		6696B2DC2272B4AE007FDFE4 /* DemoVC7Footer.m */ = {isa = PBXFileReference; fileEncoding = 4; lastKnownFileType = sourcecode.c.objc; path = DemoVC7Footer.m; sourceTree = "<group>"; };
		6696B2DD2272B4AE007FDFE4 /* DemoVC7Cell.m */ = {isa = PBXFileReference; fileEncoding = 4; lastKnownFileType = sourcecode.c.objc; path = DemoVC7Cell.m; sourceTree = "<group>"; };
		6696B2DE2272B4AE007FDFE4 /* DemoVC7Header.m */ = {isa = PBXFileReference; fileEncoding = 4; lastKnownFileType = sourcecode.c.objc; path = DemoVC7Header.m; sourceTree = "<group>"; };
		6696B30E2272B4C4007FDFE4 /* ViewController.h */ = {isa = PBXFileReference; fileEncoding = 4; lastKnownFileType = sourcecode.c.h; path = ViewController.h; sourceTree = "<group>"; };
		6696B30F2272B4C4007FDFE4 /* ViewController.m */ = {isa = PBXFileReference; fileEncoding = 4; lastKnownFileType = sourcecode.c.objc; path = ViewController.m; sourceTree = "<group>"; };
		6696B3122272B4EB007FDFE4 /* YYWeakProxy.m */ = {isa = PBXFileReference; fileEncoding = 4; lastKnownFileType = sourcecode.c.objc; path = YYWeakProxy.m; sourceTree = "<group>"; };
		6696B3132272B4EB007FDFE4 /* CHD_ListView_Structure.m */ = {isa = PBXFileReference; fileEncoding = 4; lastKnownFileType = sourcecode.c.objc; path = CHD_ListView_Structure.m; sourceTree = "<group>"; };
		6696B3142272B4EB007FDFE4 /* UIView+gesture.h */ = {isa = PBXFileReference; fileEncoding = 4; lastKnownFileType = sourcecode.c.h; path = "UIView+gesture.h"; sourceTree = "<group>"; };
		6696B3162272B4EB007FDFE4 /* YYWeakProxy.h */ = {isa = PBXFileReference; fileEncoding = 4; lastKnownFileType = sourcecode.c.h; path = YYWeakProxy.h; sourceTree = "<group>"; };
		6696B3172272B4EB007FDFE4 /* UIView+gesture.m */ = {isa = PBXFileReference; fileEncoding = 4; lastKnownFileType = sourcecode.c.objc; path = "UIView+gesture.m"; sourceTree = "<group>"; };
		6696B3182272B4EB007FDFE4 /* CHD_ListView_Structure.h */ = {isa = PBXFileReference; fileEncoding = 4; lastKnownFileType = sourcecode.c.h; path = CHD_ListView_Structure.h; sourceTree = "<group>"; };
		6696B31E2272B76C007FDFE4 /* YYFPSLabel.m */ = {isa = PBXFileReference; fileEncoding = 4; lastKnownFileType = sourcecode.c.objc; path = YYFPSLabel.m; sourceTree = "<group>"; };
		6696B31F2272B76C007FDFE4 /* YYFPSLabel.h */ = {isa = PBXFileReference; fileEncoding = 4; lastKnownFileType = sourcecode.c.h; path = YYFPSLabel.h; sourceTree = "<group>"; };
		6696B3212272C952007FDFE4 /* VCCell.h */ = {isa = PBXFileReference; fileEncoding = 4; lastKnownFileType = sourcecode.c.h; path = VCCell.h; sourceTree = "<group>"; };
		6696B3222272C952007FDFE4 /* VCCell.m */ = {isa = PBXFileReference; fileEncoding = 4; lastKnownFileType = sourcecode.c.objc; path = VCCell.m; sourceTree = "<group>"; };
		66B6B7F322844CCA009FECF1 /* DemoVC4Footer.m */ = {isa = PBXFileReference; fileEncoding = 4; lastKnownFileType = sourcecode.c.objc; path = DemoVC4Footer.m; sourceTree = "<group>"; };
		66B6B7F422844CCA009FECF1 /* DemoVC4Footer.h */ = {isa = PBXFileReference; fileEncoding = 4; lastKnownFileType = sourcecode.c.h; path = DemoVC4Footer.h; sourceTree = "<group>"; };
		66B6B7F522844CCA009FECF1 /* DemoVC4Header.h */ = {isa = PBXFileReference; fileEncoding = 4; lastKnownFileType = sourcecode.c.h; path = DemoVC4Header.h; sourceTree = "<group>"; };
		66B6B7F622844CCA009FECF1 /* DemoVC4Header.m */ = {isa = PBXFileReference; fileEncoding = 4; lastKnownFileType = sourcecode.c.objc; path = DemoVC4Header.m; sourceTree = "<group>"; };
		66B6B7F722844CCA009FECF1 /* DemoVC4Cell.h */ = {isa = PBXFileReference; fileEncoding = 4; lastKnownFileType = sourcecode.c.h; path = DemoVC4Cell.h; sourceTree = "<group>"; };
		66B6B7F822844CCA009FECF1 /* DemoVC4Cell.m */ = {isa = PBXFileReference; fileEncoding = 4; lastKnownFileType = sourcecode.c.objc; path = DemoVC4Cell.m; sourceTree = "<group>"; };
		66B6B7FC2284FEB1009FECF1 /* DemoVC4Cell2.h */ = {isa = PBXFileReference; lastKnownFileType = sourcecode.c.h; path = DemoVC4Cell2.h; sourceTree = "<group>"; };
		66B6B7FD2284FEB1009FECF1 /* DemoVC4Cell2.m */ = {isa = PBXFileReference; lastKnownFileType = sourcecode.c.objc; path = DemoVC4Cell2.m; sourceTree = "<group>"; };
		66B6B7FF228509B8009FECF1 /* DemoVC4ViewModel.h */ = {isa = PBXFileReference; lastKnownFileType = sourcecode.c.h; path = DemoVC4ViewModel.h; sourceTree = "<group>"; };
		66B6B800228509B8009FECF1 /* DemoVC4ViewModel.m */ = {isa = PBXFileReference; lastKnownFileType = sourcecode.c.objc; path = DemoVC4ViewModel.m; sourceTree = "<group>"; };
		66B825D3229FC1BD006549A2 /* HDStopView.h */ = {isa = PBXFileReference; lastKnownFileType = sourcecode.c.h; path = HDStopView.h; sourceTree = "<group>"; };
		66B825D4229FC1BD006549A2 /* HDStopView.m */ = {isa = PBXFileReference; lastKnownFileType = sourcecode.c.objc; path = HDStopView.m; sourceTree = "<group>"; };
		66B825D622A3F8D6006549A2 /* DemoVC5DecorationView.h */ = {isa = PBXFileReference; lastKnownFileType = sourcecode.c.h; path = DemoVC5DecorationView.h; sourceTree = "<group>"; };
		66B825D722A3F8D6006549A2 /* DemoVC5DecorationView.m */ = {isa = PBXFileReference; lastKnownFileType = sourcecode.c.objc; path = DemoVC5DecorationView.m; sourceTree = "<group>"; };
		66BF786C229E690D006C5118 /* HDWebView.h */ = {isa = PBXFileReference; lastKnownFileType = sourcecode.c.h; path = HDWebView.h; sourceTree = "<group>"; };
		66BF786D229E690D006C5118 /* HDWebView.m */ = {isa = PBXFileReference; lastKnownFileType = sourcecode.c.objc; path = HDWebView.m; sourceTree = "<group>"; };
		66D626732292E8CA00A2D29B /* QQDemo2FriendVC.h */ = {isa = PBXFileReference; lastKnownFileType = sourcecode.c.h; path = QQDemo2FriendVC.h; sourceTree = "<group>"; };
		66D626742292E8CA00A2D29B /* QQDemo2FriendVC.m */ = {isa = PBXFileReference; lastKnownFileType = sourcecode.c.objc; path = QQDemo2FriendVC.m; sourceTree = "<group>"; };
		66F90BFC229E66F70043C06D /* NewsDetailDemoVC.h */ = {isa = PBXFileReference; lastKnownFileType = sourcecode.c.h; path = NewsDetailDemoVC.h; sourceTree = "<group>"; };
		66F90BFD229E66F70043C06D /* NewsDetailDemoVC.m */ = {isa = PBXFileReference; lastKnownFileType = sourcecode.c.objc; path = NewsDetailDemoVC.m; sourceTree = "<group>"; };
		66F90BFF229E68090043C06D /* HDNewsCollectionView.h */ = {isa = PBXFileReference; lastKnownFileType = sourcecode.c.h; path = HDNewsCollectionView.h; sourceTree = "<group>"; };
		66F90C00229E68090043C06D /* HDNewsCollectionView.m */ = {isa = PBXFileReference; lastKnownFileType = sourcecode.c.objc; path = HDNewsCollectionView.m; sourceTree = "<group>"; };
		71719F9E1E33DC2100824A3D /* Base */ = {isa = PBXFileReference; lastKnownFileType = file.storyboard; name = Base; path = Base.lproj/LaunchScreen.storyboard; sourceTree = "<group>"; };
		873B8AEA1B1F5CCA007FD442 /* Main.storyboard */ = {isa = PBXFileReference; fileEncoding = 4; lastKnownFileType = file.storyboard; name = Main.storyboard; path = Base.lproj/Main.storyboard; sourceTree = "<group>"; };
		AB48EFB2670617F4F818C679 /* HDCollectionView.podspec */ = {isa = PBXFileReference; includeInIndex = 1; lastKnownFileType = text; name = HDCollectionView.podspec; path = ../HDCollectionView.podspec; sourceTree = "<group>"; xcLanguageSpecificationIdentifier = xcode.lang.ruby; };
		DD848C6774F80EBD1F826584 /* Pods_HDCollectionView_Example.framework */ = {isa = PBXFileReference; explicitFileType = wrapper.framework; includeInIndex = 0; path = Pods_HDCollectionView_Example.framework; sourceTree = BUILT_PRODUCTS_DIR; };
		EAE00B5FB900A928516BFCB5 /* Pods-HDCollectionView_Example.debug.xcconfig */ = {isa = PBXFileReference; includeInIndex = 1; lastKnownFileType = text.xcconfig; name = "Pods-HDCollectionView_Example.debug.xcconfig"; path = "Pods/Target Support Files/Pods-HDCollectionView_Example/Pods-HDCollectionView_Example.debug.xcconfig"; sourceTree = "<group>"; };
		F22A251054DFB4159FFB0778 /* Pods-HDCollectionView_Example.release.xcconfig */ = {isa = PBXFileReference; includeInIndex = 1; lastKnownFileType = text.xcconfig; name = "Pods-HDCollectionView_Example.release.xcconfig"; path = "Pods/Target Support Files/Pods-HDCollectionView_Example/Pods-HDCollectionView_Example.release.xcconfig"; sourceTree = "<group>"; };
		F22B999EDC75B021786F5BF8 /* README.md */ = {isa = PBXFileReference; includeInIndex = 1; lastKnownFileType = net.daringfireball.markdown; name = README.md; path = ../README.md; sourceTree = "<group>"; };
/* End PBXFileReference section */

/* Begin PBXFrameworksBuildPhase section */
		6003F587195388D20070C39A /* Frameworks */ = {
			isa = PBXFrameworksBuildPhase;
			buildActionMask = 2147483647;
			files = (
				6003F590195388D20070C39A /* CoreGraphics.framework in Frameworks */,
				6003F592195388D20070C39A /* UIKit.framework in Frameworks */,
				6003F58E195388D20070C39A /* Foundation.framework in Frameworks */,
				64A07F955F8C03B874E11300 /* Pods_HDCollectionView_Example.framework in Frameworks */,
			);
			runOnlyForDeploymentPostprocessing = 0;
		};
		6003F5AB195388D20070C39A /* Frameworks */ = {
			isa = PBXFrameworksBuildPhase;
			buildActionMask = 2147483647;
			files = (
				6003F5B0195388D20070C39A /* XCTest.framework in Frameworks */,
				6003F5B2195388D20070C39A /* UIKit.framework in Frameworks */,
				6003F5B1195388D20070C39A /* Foundation.framework in Frameworks */,
				1A0BE07662390DFE9CF82455 /* Pods_HDCollectionView_Tests.framework in Frameworks */,
			);
			runOnlyForDeploymentPostprocessing = 0;
		};
/* End PBXFrameworksBuildPhase section */

/* Begin PBXGroup section */
		234F0245FE968CA09349EF6A /* Pods */ = {
			isa = PBXGroup;
			children = (
				EAE00B5FB900A928516BFCB5 /* Pods-HDCollectionView_Example.debug.xcconfig */,
				F22A251054DFB4159FFB0778 /* Pods-HDCollectionView_Example.release.xcconfig */,
				5B164F0C9815D3C73EF62558 /* Pods-HDCollectionView_Tests.debug.xcconfig */,
				5C63DD97A3232C4B959CA8B5 /* Pods-HDCollectionView_Tests.release.xcconfig */,
			);
			name = Pods;
			sourceTree = "<group>";
		};
		6003F581195388D10070C39A = {
			isa = PBXGroup;
			children = (
				60FF7A9C1954A5C5007DD14C /* Podspec Metadata */,
				6003F593195388D20070C39A /* Example for HDCollectionView */,
				6003F5B5195388D20070C39A /* Tests */,
				6003F58C195388D20070C39A /* Frameworks */,
				6003F58B195388D20070C39A /* Products */,
				234F0245FE968CA09349EF6A /* Pods */,
			);
			sourceTree = "<group>";
		};
		6003F58B195388D20070C39A /* Products */ = {
			isa = PBXGroup;
			children = (
				6003F58A195388D20070C39A /* HDCollectionView_Example.app */,
				6003F5AE195388D20070C39A /* HDCollectionView_Tests.xctest */,
			);
			name = Products;
			sourceTree = "<group>";
		};
		6003F58C195388D20070C39A /* Frameworks */ = {
			isa = PBXGroup;
			children = (
				280DA6C8242B01D1007CCB90 /* libc++.tbd */,
				6003F58D195388D20070C39A /* Foundation.framework */,
				6003F58F195388D20070C39A /* CoreGraphics.framework */,
				6003F591195388D20070C39A /* UIKit.framework */,
				6003F5AF195388D20070C39A /* XCTest.framework */,
				DD848C6774F80EBD1F826584 /* Pods_HDCollectionView_Example.framework */,
				02294E1BC3A694898C9B5F56 /* Pods_HDCollectionView_Tests.framework */,
			);
			name = Frameworks;
			sourceTree = "<group>";
		};
		6003F593195388D20070C39A /* Example for HDCollectionView */ = {
			isa = PBXGroup;
			children = (
				6003F59C195388D20070C39A /* HDAppDelegate.h */,
				6003F59D195388D20070C39A /* HDAppDelegate.m */,
				6696B30E2272B4C4007FDFE4 /* ViewController.h */,
				6696B30F2272B4C4007FDFE4 /* ViewController.m */,
				6696B3212272C952007FDFE4 /* VCCell.h */,
				6696B3222272C952007FDFE4 /* VCCell.m */,
				873B8AEA1B1F5CCA007FD442 /* Main.storyboard */,
				6696B3112272B4EB007FDFE4 /* Utility */,
				6696B2752272B4AE007FDFE4 /* Demos */,
				71719F9D1E33DC2100824A3D /* LaunchScreen.storyboard */,
				6003F5A8195388D20070C39A /* Images.xcassets */,
				6003F594195388D20070C39A /* Supporting Files */,
			);
			name = "Example for HDCollectionView";
			path = HDCollectionView;
			sourceTree = "<group>";
		};
		6003F594195388D20070C39A /* Supporting Files */ = {
			isa = PBXGroup;
			children = (
				6003F595195388D20070C39A /* HDCollectionView-Info.plist */,
				6003F596195388D20070C39A /* InfoPlist.strings */,
				6003F599195388D20070C39A /* main.m */,
				6003F59B195388D20070C39A /* HDCollectionView-Prefix.pch */,
			);
			name = "Supporting Files";
			sourceTree = "<group>";
		};
		6003F5B5195388D20070C39A /* Tests */ = {
			isa = PBXGroup;
			children = (
				6003F5BB195388D20070C39A /* Tests.m */,
				6003F5B6195388D20070C39A /* Supporting Files */,
			);
			path = Tests;
			sourceTree = "<group>";
		};
		6003F5B6195388D20070C39A /* Supporting Files */ = {
			isa = PBXGroup;
			children = (
				6003F5B7195388D20070C39A /* Tests-Info.plist */,
				6003F5B8195388D20070C39A /* InfoPlist.strings */,
				606FC2411953D9B200FFA9A0 /* Tests-Prefix.pch */,
			);
			name = "Supporting Files";
			sourceTree = "<group>";
		};
		60FF7A9C1954A5C5007DD14C /* Podspec Metadata */ = {
			isa = PBXGroup;
			children = (
				AB48EFB2670617F4F818C679 /* HDCollectionView.podspec */,
				F22B999EDC75B021786F5BF8 /* README.md */,
				280535312447ED1100BE0249 /* README_CN.md */,
				3EA6CFB47225E3A04727A23D /* LICENSE */,
			);
			name = "Podspec Metadata";
			sourceTree = "<group>";
		};
		6643053A2292E0D900E29603 /* HDMultipleScrollListView */ = {
			isa = PBXGroup;
			children = (
				6643053B2292E0D900E29603 /* HDMultipleScrollListView.h */,
				6643053C2292E0D900E29603 /* HDMultipleScrollListView.m */,
				6635BBE02293AB2E0037EE0A /* HDMultipleScrollListMainVC.h */,
				6635BBE12293AB2E0037EE0A /* HDMultipleScrollListMainVC.m */,
				6635BBE32293AB3E0037EE0A /* HDMultipleScrollListSubVC.h */,
				6635BBE42293AB3E0037EE0A /* HDMultipleScrollListSubVC.m */,
				6635BBE72293BF7D0037EE0A /* HDCollectionView+MultipleScroll.h */,
				6635BBE62293BF7D0037EE0A /* HDCollectionView+MultipleScroll.m */,
			);
			path = HDMultipleScrollListView;
			sourceTree = "<group>";
		};
		6643053E2292E10C00E29603 /* QQDemo2 */ = {
			isa = PBXGroup;
			children = (
				664305402292E10C00E29603 /* Controller */,
				6643053F2292E10C00E29603 /* ViewModel */,
				6689F3A322964D8B0041A441 /* Model */,
				6689F3A822964D8B0041A441 /* View */,
			);
			path = QQDemo2;
			sourceTree = "<group>";
		};
		6643053F2292E10C00E29603 /* ViewModel */ = {
			isa = PBXGroup;
			children = (
				664305462292E6DF00E29603 /* QQDemo2VCViewModel.h */,
				664305472292E6DF00E29603 /* QQDemo2VCViewModel.m */,
				28E4B541230263A700BEBC34 /* QQDemo2FriendVCVM.h */,
				28E4B542230263A700BEBC34 /* QQDemo2FriendVCVM.m */,
				6689F3A422964D8B0041A441 /* QQDemoFriendCellVM.h */,
				6689F3A722964D8B0041A441 /* QQDemoFriendCellVM.m */,
				6689F3A522964D8B0041A441 /* QQDemoOpenCloseSec.h */,
				6689F3A622964D8B0041A441 /* QQDemoOpenCloseSec.m */,
			);
			path = ViewModel;
			sourceTree = "<group>";
		};
		664305402292E10C00E29603 /* Controller */ = {
			isa = PBXGroup;
			children = (
				664305432292E1A800E29603 /* QQDemo2VC.h */,
				664305442292E1A800E29603 /* QQDemo2VC.m */,
				66D626732292E8CA00A2D29B /* QQDemo2FriendVC.h */,
				66D626742292E8CA00A2D29B /* QQDemo2FriendVC.m */,
			);
			path = Controller;
			sourceTree = "<group>";
		};
		6689F3A322964D8B0041A441 /* Model */ = {
			isa = PBXGroup;
			children = (
				28FE5C1022FD536E007FD9AA /* QQDemoFriendModel.h */,
				28FE5C1122FD536E007FD9AA /* QQDemoFriendModel.m */,
			);
			path = Model;
			sourceTree = "<group>";
		};
		6689F3A822964D8B0041A441 /* View */ = {
			isa = PBXGroup;
			children = (
				6689F3B622964D8B0041A441 /* QQDemoSearchCell.h */,
				6689F3AE22964D8B0041A441 /* QQDemoSearchCell.m */,
				6689F3B722964D8B0041A441 /* QQDemoCreateCell.h */,
				6689F3AF22964D8B0041A441 /* QQDemoCreateCell.m */,
				6689F3AB22964D8B0041A441 /* QQDemoGapCell.h */,
				6689F3B522964D8B0041A441 /* QQDemoGapCell.m */,
				6689F3B822964D8B0041A441 /* QQDemoFriendGroupHeader.h */,
				6689F3B022964D8B0041A441 /* QQDemoFriendGroupHeader.m */,
				6689F3AC22964D8B0041A441 /* QQDemoFriendCell.h */,
				6689F3B422964D8B0041A441 /* QQDemoFriendCell.m */,
			);
			path = View;
			sourceTree = "<group>";
		};
		6696B2752272B4AE007FDFE4 /* Demos */ = {
			isa = PBXGroup;
			children = (
				6696B2C42272B4AE007FDFE4 /* Demo1 */,
				6696B2812272B4AE007FDFE4 /* Demo2 */,
				6696B28C2272B4AE007FDFE4 /* Demo3 */,
				6696B29B2272B4AE007FDFE4 /* Demo4 */,
				6696B2762272B4AE007FDFE4 /* Demo5 */,
				6696B2CB2272B4AE007FDFE4 /* Demo6 */,
				6696B2D62272B4AE007FDFE4 /* Demo7 */,
				6696B2AA2272B4AE007FDFE4 /* AutoHomeCarInfo */,
				6643053E2292E10C00E29603 /* QQDemo2 */,
				66F90BFB229E66CF0043C06D /* NewsDetailDemo */,
			);
			path = Demos;
			sourceTree = "<group>";
		};
		6696B2762272B4AE007FDFE4 /* Demo5 */ = {
			isa = PBXGroup;
			children = (
				6696B27D2272B4AE007FDFE4 /* DemoVC5.h */,
				6696B2782272B4AE007FDFE4 /* DemoVC5.m */,
				6696B2792272B4AE007FDFE4 /* DemoVC5Footer.h */,
				6696B27C2272B4AE007FDFE4 /* DemoVC5Footer.m */,
				6696B2772272B4AE007FDFE4 /* DemoVC5Header.h */,
				6696B27E2272B4AE007FDFE4 /* DemoVC5Header.m */,
				66B825D622A3F8D6006549A2 /* DemoVC5DecorationView.h */,
				66B825D722A3F8D6006549A2 /* DemoVC5DecorationView.m */,
				6696B27B2272B4AE007FDFE4 /* DemoVC5Cell.h */,
				6696B27F2272B4AE007FDFE4 /* DemoVC5Cell.m */,
				6696B27A2272B4AE007FDFE4 /* DemoVC5Cell2.h */,
				6696B2802272B4AE007FDFE4 /* DemoVC5Cell2.m */,
			);
			path = Demo5;
			sourceTree = "<group>";
		};
		6696B2812272B4AE007FDFE4 /* Demo2 */ = {
			isa = PBXGroup;
			children = (
				6696B28B2272B4AE007FDFE4 /* DemoVC2.h */,
				6696B2862272B4AE007FDFE4 /* DemoVC2.m */,
				6696B2842272B4AE007FDFE4 /* DemoVC2Cell.h */,
				6696B2872272B4AE007FDFE4 /* DemoVC2Cell.m */,
				6696B28A2272B4AE007FDFE4 /* DemoVC2Cell2.h */,
				6696B2852272B4AE007FDFE4 /* DemoVC2Cell2.m */,
				6696B2882272B4AE007FDFE4 /* DemoVC2Footer.h */,
				6696B2832272B4AE007FDFE4 /* DemoVC2Footer.m */,
				6696B2892272B4AE007FDFE4 /* DemoVC2Header.h */,
				6696B2822272B4AE007FDFE4 /* DemoVC2Header.m */,
			);
			path = Demo2;
			sourceTree = "<group>";
		};
		6696B28C2272B4AE007FDFE4 /* Demo3 */ = {
			isa = PBXGroup;
			children = (
				6696B28D2272B4AE007FDFE4 /* DemoVC3.h */,
				6696B2942272B4AE007FDFE4 /* DemoVC3.m */,
				6696B2932272B4AE007FDFE4 /* DemoVC3Cell.h */,
				6696B2982272B4AE007FDFE4 /* DemoVC3Cell.m */,
				28890180241B207100406FE8 /* DemoVC3CellVM.h */,
				28890181241B207100406FE8 /* DemoVC3CellVM.m */,
				6696B2952272B4AE007FDFE4 /* DemoVC3Header.h */,
				6696B2902272B4AE007FDFE4 /* DemoVC3Header.m */,
				6696B2962272B4AE007FDFE4 /* DemoVC3Footer.h */,
				6696B28F2272B4AE007FDFE4 /* DemoVC3Footer.m */,
				6696B2972272B4AE007FDFE4 /* DemoVC3CellModel.h */,
				6696B28E2272B4AE007FDFE4 /* DemoVC3CellModel.m */,
			);
			path = Demo3;
			sourceTree = "<group>";
		};
		6696B29B2272B4AE007FDFE4 /* Demo4 */ = {
			isa = PBXGroup;
			children = (
				6696B29E2272B4AE007FDFE4 /* DemoVC4.h */,
				6696B2A62272B4AE007FDFE4 /* DemoVC4.m */,
				66B6B7FF228509B8009FECF1 /* DemoVC4ViewModel.h */,
				66B6B800228509B8009FECF1 /* DemoVC4ViewModel.m */,
				66B6B7F722844CCA009FECF1 /* DemoVC4Cell.h */,
				66B6B7F822844CCA009FECF1 /* DemoVC4Cell.m */,
				66B6B7FC2284FEB1009FECF1 /* DemoVC4Cell2.h */,
				66B6B7FD2284FEB1009FECF1 /* DemoVC4Cell2.m */,
				66B6B7F422844CCA009FECF1 /* DemoVC4Footer.h */,
				66B6B7F322844CCA009FECF1 /* DemoVC4Footer.m */,
				66B6B7F522844CCA009FECF1 /* DemoVC4Header.h */,
				66B6B7F622844CCA009FECF1 /* DemoVC4Header.m */,
				28AC5E0E235FF9E300657ACE /* DemoVC4DecorationView.h */,
				28AC5E0F235FF9E300657ACE /* DemoVC4DecorationView.m */,
			);
			path = Demo4;
			sourceTree = "<group>";
		};
		6696B2AA2272B4AE007FDFE4 /* AutoHomeCarInfo */ = {
			isa = PBXGroup;
			children = (
				6696B2BF2272B4AE007FDFE4 /* ViewController */,
				6696B2AB2272B4AE007FDFE4 /* ViewModel */,
				6696B2AF2272B4AE007FDFE4 /* Model */,
				6696B2B22272B4AE007FDFE4 /* View */,
			);
			path = AutoHomeCarInfo;
			sourceTree = "<group>";
		};
		6696B2AB2272B4AE007FDFE4 /* ViewModel */ = {
			isa = PBXGroup;
			children = (
				6696B2AE2272B4AE007FDFE4 /* AHCVCViewModel.h */,
				6696B2AC2272B4AE007FDFE4 /* AHCVCViewModel.m */,
				6696B2AD2272B4AE007FDFE4 /* carInfo.geojson */,
			);
			path = ViewModel;
			sourceTree = "<group>";
		};
		6696B2AF2272B4AE007FDFE4 /* Model */ = {
			isa = PBXGroup;
			children = (
				6696B2B02272B4AE007FDFE4 /* AHCModel.h */,
				6696B2B12272B4AE007FDFE4 /* AHCModel.m */,
			);
			path = Model;
			sourceTree = "<group>";
		};
		6696B2B22272B4AE007FDFE4 /* View */ = {
			isa = PBXGroup;
			children = (
				6696B2BE2272B4AE007FDFE4 /* AHCBaseCollectionView.h */,
				6696B2B52272B4AE007FDFE4 /* AHCBaseCollectionView.m */,
				6696B2B42272B4AE007FDFE4 /* AHCTopHeader.h */,
				6696B2BA2272B4AE007FDFE4 /* AHCTopHeader.m */,
				6696B2BB2272B4AE007FDFE4 /* AHCNormalCell.h */,
				6696B2B72272B4AE007FDFE4 /* AHCNormalCell.m */,
				6696B2B82272B4AE007FDFE4 /* AHCHeader.h */,
				6696B2BC2272B4AE007FDFE4 /* AHCHeader.m */,
				6696B2B32272B4AE007FDFE4 /* UIView+AroundLine.h */,
				6696B2B92272B4AE007FDFE4 /* UIView+AroundLine.m */,
				6696B2BD2272B4AE007FDFE4 /* AHCRefPriceCell.h */,
				6696B2B62272B4AE007FDFE4 /* AHCRefPriceCell.m */,
			);
			path = View;
			sourceTree = "<group>";
		};
		6696B2BF2272B4AE007FDFE4 /* ViewController */ = {
			isa = PBXGroup;
			children = (
				6696B2C32272B4AE007FDFE4 /* HDSCVOffsetBinder.h */,
				6696B2C12272B4AE007FDFE4 /* HDSCVOffsetBinder.m */,
				6696B2C22272B4AE007FDFE4 /* AutoHomeCarInfoVC.h */,
				6696B2C02272B4AE007FDFE4 /* AutoHomeCarInfoVC.m */,
			);
			path = ViewController;
			sourceTree = "<group>";
		};
		6696B2C42272B4AE007FDFE4 /* Demo1 */ = {
			isa = PBXGroup;
			children = (
				6696B2C82272B4AE007FDFE4 /* DemoVC1.h */,
				6696B2C52272B4AE007FDFE4 /* DemoVC1.m */,
				6696B2C62272B4AE007FDFE4 /* DemoVC1Cell.h */,
				6696B2CA2272B4AE007FDFE4 /* DemoVC1Cell.m */,
				6696B2C92272B4AE007FDFE4 /* DemoVC1Header.h */,
				6696B2C72272B4AE007FDFE4 /* DemoVC1Header.m */,
				2889DDD4245AD386006C8670 /* DemoVC1Footer.h */,
				2889DDD5245AD386006C8670 /* DemoVC1Footer.m */,
			);
			path = Demo1;
			sourceTree = "<group>";
		};
		6696B2CB2272B4AE007FDFE4 /* Demo6 */ = {
			isa = PBXGroup;
			children = (
				6696B2D22272B4AE007FDFE4 /* DemoVC6.h */,
				6696B2CF2272B4AE007FDFE4 /* DemoVC6.m */,
				6696B2CC2272B4AE007FDFE4 /* DemoVC6Cell.h */,
				6696B2D12272B4AE007FDFE4 /* DemoVC6Cell.m */,
				6696B2D02272B4AE007FDFE4 /* DemoVC6Header.h */,
				6696B2D32272B4AE007FDFE4 /* DemoVC6Header.m */,
				6696B2CD2272B4AE007FDFE4 /* DemoVC6Footer.h */,
				6696B2D52272B4AE007FDFE4 /* DemoVC6Footer.m */,
				6696B2D42272B4AE007FDFE4 /* DemoVC6DecorationView.h */,
				6696B2CE2272B4AE007FDFE4 /* DemoVC6DecorationView.m */,
			);
			path = Demo6;
			sourceTree = "<group>";
		};
		6696B2D62272B4AE007FDFE4 /* Demo7 */ = {
			isa = PBXGroup;
			children = (
				6696B2D72272B4AE007FDFE4 /* DemoVC7.h */,
				6696B2DB2272B4AE007FDFE4 /* DemoVC7.m */,
				6696B2D92272B4AE007FDFE4 /* DemoVC7Cell.h */,
				6696B2DD2272B4AE007FDFE4 /* DemoVC7Cell.m */,
				6696B2DA2272B4AE007FDFE4 /* DemoVC7Footer.h */,
				6696B2DC2272B4AE007FDFE4 /* DemoVC7Footer.m */,
				6696B2D82272B4AE007FDFE4 /* DemoVC7Header.h */,
				6696B2DE2272B4AE007FDFE4 /* DemoVC7Header.m */,
			);
			path = Demo7;
			sourceTree = "<group>";
		};
		6696B3112272B4EB007FDFE4 /* Utility */ = {
			isa = PBXGroup;
			children = (
				28AC5E0B235ED6F300657ACE /* NSArray+HDHelper.h */,
				28AC5E0C235ED6F300657ACE /* NSArray+HDHelper.m */,
				6643053A2292E0D900E29603 /* HDMultipleScrollListView */,
				6696B31F2272B76C007FDFE4 /* YYFPSLabel.h */,
				6696B31E2272B76C007FDFE4 /* YYFPSLabel.m */,
				6696B3162272B4EB007FDFE4 /* YYWeakProxy.h */,
				6696B3122272B4EB007FDFE4 /* YYWeakProxy.m */,
				6696B3182272B4EB007FDFE4 /* CHD_ListView_Structure.h */,
				6696B3132272B4EB007FDFE4 /* CHD_ListView_Structure.m */,
				6696B3142272B4EB007FDFE4 /* UIView+gesture.h */,
				6696B3172272B4EB007FDFE4 /* UIView+gesture.m */,
			);
			path = Utility;
			sourceTree = "<group>";
		};
		66F90BFB229E66CF0043C06D /* NewsDetailDemo */ = {
			isa = PBXGroup;
			children = (
				66F90BFC229E66F70043C06D /* NewsDetailDemoVC.h */,
				66F90BFD229E66F70043C06D /* NewsDetailDemoVC.m */,
				66F90BFF229E68090043C06D /* HDNewsCollectionView.h */,
				66F90C00229E68090043C06D /* HDNewsCollectionView.m */,
				66BF786C229E690D006C5118 /* HDWebView.h */,
				66BF786D229E690D006C5118 /* HDWebView.m */,
				66B825D3229FC1BD006549A2 /* HDStopView.h */,
				66B825D4229FC1BD006549A2 /* HDStopView.m */,
			);
			path = NewsDetailDemo;
			sourceTree = "<group>";
		};
/* End PBXGroup section */

/* Begin PBXNativeTarget section */
		6003F589195388D20070C39A /* HDCollectionView_Example */ = {
			isa = PBXNativeTarget;
			buildConfigurationList = 6003F5BF195388D20070C39A /* Build configuration list for PBXNativeTarget "HDCollectionView_Example" */;
			buildPhases = (
				671B17AAB61611C063E8B8E4 /* [CP] Check Pods Manifest.lock */,
				6003F586195388D20070C39A /* Sources */,
				6003F587195388D20070C39A /* Frameworks */,
				6003F588195388D20070C39A /* Resources */,
				01CE89A1E99C60EB988E0329 /* [CP] Embed Pods Frameworks */,
			);
			buildRules = (
			);
			dependencies = (
			);
			name = HDCollectionView_Example;
			productName = HDCollectionView;
			productReference = 6003F58A195388D20070C39A /* HDCollectionView_Example.app */;
			productType = "com.apple.product-type.application";
		};
		6003F5AD195388D20070C39A /* HDCollectionView_Tests */ = {
			isa = PBXNativeTarget;
			buildConfigurationList = 6003F5C2195388D20070C39A /* Build configuration list for PBXNativeTarget "HDCollectionView_Tests" */;
			buildPhases = (
				D48E183BB8D34081BBF191BA /* [CP] Check Pods Manifest.lock */,
				6003F5AA195388D20070C39A /* Sources */,
				6003F5AB195388D20070C39A /* Frameworks */,
				6003F5AC195388D20070C39A /* Resources */,
			);
			buildRules = (
			);
			dependencies = (
				6003F5B4195388D20070C39A /* PBXTargetDependency */,
			);
			name = HDCollectionView_Tests;
			productName = HDCollectionViewTests;
			productReference = 6003F5AE195388D20070C39A /* HDCollectionView_Tests.xctest */;
			productType = "com.apple.product-type.bundle.unit-test";
		};
/* End PBXNativeTarget section */

/* Begin PBXProject section */
		6003F582195388D10070C39A /* Project object */ = {
			isa = PBXProject;
			attributes = {
				CLASSPREFIX = HD;
				LastUpgradeCheck = 0720;
				ORGANIZATIONNAME = donggelaile;
				TargetAttributes = {
					6003F5AD195388D20070C39A = {
						TestTargetID = 6003F589195388D20070C39A;
					};
				};
			};
			buildConfigurationList = 6003F585195388D10070C39A /* Build configuration list for PBXProject "HDCollectionView" */;
			compatibilityVersion = "Xcode 3.2";
			developmentRegion = English;
			hasScannedForEncodings = 0;
			knownRegions = (
				English,
				en,
				Base,
			);
			mainGroup = 6003F581195388D10070C39A;
			productRefGroup = 6003F58B195388D20070C39A /* Products */;
			projectDirPath = "";
			projectRoot = "";
			targets = (
				6003F589195388D20070C39A /* HDCollectionView_Example */,
				6003F5AD195388D20070C39A /* HDCollectionView_Tests */,
			);
		};
/* End PBXProject section */

/* Begin PBXResourcesBuildPhase section */
		6003F588195388D20070C39A /* Resources */ = {
			isa = PBXResourcesBuildPhase;
			buildActionMask = 2147483647;
			files = (
				873B8AEB1B1F5CCA007FD442 /* Main.storyboard in Resources */,
				280535322447ED1100BE0249 /* README_CN.md in Resources */,
				6696B2F82272B4AE007FDFE4 /* carInfo.geojson in Resources */,
				71719F9F1E33DC2100824A3D /* LaunchScreen.storyboard in Resources */,
				6003F5A9195388D20070C39A /* Images.xcassets in Resources */,
				6003F598195388D20070C39A /* InfoPlist.strings in Resources */,
			);
			runOnlyForDeploymentPostprocessing = 0;
		};
		6003F5AC195388D20070C39A /* Resources */ = {
			isa = PBXResourcesBuildPhase;
			buildActionMask = 2147483647;
			files = (
				6003F5BA195388D20070C39A /* InfoPlist.strings in Resources */,
			);
			runOnlyForDeploymentPostprocessing = 0;
		};
/* End PBXResourcesBuildPhase section */

/* Begin PBXShellScriptBuildPhase section */
		01CE89A1E99C60EB988E0329 /* [CP] Embed Pods Frameworks */ = {
			isa = PBXShellScriptBuildPhase;
			buildActionMask = 2147483647;
			files = (
			);
			inputPaths = (
				"${PODS_ROOT}/Target Support Files/Pods-HDCollectionView_Example/Pods-HDCollectionView_Example-frameworks.sh",
				"${BUILT_PRODUCTS_DIR}/HDCollectionView/HDCollectionView.framework",
				"${BUILT_PRODUCTS_DIR}/HDListViewDiffer/HDListViewDiffer.framework",
				"${BUILT_PRODUCTS_DIR}/JXCategoryView/JXCategoryView.framework",
				"${BUILT_PRODUCTS_DIR}/MJRefresh/MJRefresh.framework",
				"${BUILT_PRODUCTS_DIR}/Masonry/Masonry.framework",
				"${BUILT_PRODUCTS_DIR}/SDAutoLayout/SDAutoLayout.framework",
				"${BUILT_PRODUCTS_DIR}/SDWebImage/SDWebImage.framework",
				"${BUILT_PRODUCTS_DIR}/SJAttributesFactory/SJAttributesFactory.framework",
				"${BUILT_PRODUCTS_DIR}/YYModel/YYModel.framework",
				"${BUILT_PRODUCTS_DIR}/Yoga/yoga.framework",
			);
			name = "[CP] Embed Pods Frameworks";
			outputPaths = (
				"${TARGET_BUILD_DIR}/${FRAMEWORKS_FOLDER_PATH}/HDCollectionView.framework",
				"${TARGET_BUILD_DIR}/${FRAMEWORKS_FOLDER_PATH}/HDListViewDiffer.framework",
				"${TARGET_BUILD_DIR}/${FRAMEWORKS_FOLDER_PATH}/JXCategoryView.framework",
				"${TARGET_BUILD_DIR}/${FRAMEWORKS_FOLDER_PATH}/MJRefresh.framework",
				"${TARGET_BUILD_DIR}/${FRAMEWORKS_FOLDER_PATH}/Masonry.framework",
				"${TARGET_BUILD_DIR}/${FRAMEWORKS_FOLDER_PATH}/SDAutoLayout.framework",
				"${TARGET_BUILD_DIR}/${FRAMEWORKS_FOLDER_PATH}/SDWebImage.framework",
				"${TARGET_BUILD_DIR}/${FRAMEWORKS_FOLDER_PATH}/SJAttributesFactory.framework",
				"${TARGET_BUILD_DIR}/${FRAMEWORKS_FOLDER_PATH}/YYModel.framework",
				"${TARGET_BUILD_DIR}/${FRAMEWORKS_FOLDER_PATH}/yoga.framework",
			);
			runOnlyForDeploymentPostprocessing = 0;
			shellPath = /bin/sh;
			shellScript = "\"${PODS_ROOT}/Target Support Files/Pods-HDCollectionView_Example/Pods-HDCollectionView_Example-frameworks.sh\"\n";
			showEnvVarsInLog = 0;
		};
		671B17AAB61611C063E8B8E4 /* [CP] Check Pods Manifest.lock */ = {
			isa = PBXShellScriptBuildPhase;
			buildActionMask = 2147483647;
			files = (
			);
			inputFileListPaths = (
			);
			inputPaths = (
				"${PODS_PODFILE_DIR_PATH}/Podfile.lock",
				"${PODS_ROOT}/Manifest.lock",
			);
			name = "[CP] Check Pods Manifest.lock";
			outputFileListPaths = (
			);
			outputPaths = (
				"$(DERIVED_FILE_DIR)/Pods-HDCollectionView_Example-checkManifestLockResult.txt",
			);
			runOnlyForDeploymentPostprocessing = 0;
			shellPath = /bin/sh;
			shellScript = "diff \"${PODS_PODFILE_DIR_PATH}/Podfile.lock\" \"${PODS_ROOT}/Manifest.lock\" > /dev/null\nif [ $? != 0 ] ; then\n    # print error to STDERR\n    echo \"error: The sandbox is not in sync with the Podfile.lock. Run 'pod install' or update your CocoaPods installation.\" >&2\n    exit 1\nfi\n# This output is used by Xcode 'outputs' to avoid re-running this script phase.\necho \"SUCCESS\" > \"${SCRIPT_OUTPUT_FILE_0}\"\n";
			showEnvVarsInLog = 0;
		};
		D48E183BB8D34081BBF191BA /* [CP] Check Pods Manifest.lock */ = {
			isa = PBXShellScriptBuildPhase;
			buildActionMask = 2147483647;
			files = (
			);
			inputFileListPaths = (
			);
			inputPaths = (
				"${PODS_PODFILE_DIR_PATH}/Podfile.lock",
				"${PODS_ROOT}/Manifest.lock",
			);
			name = "[CP] Check Pods Manifest.lock";
			outputFileListPaths = (
			);
			outputPaths = (
				"$(DERIVED_FILE_DIR)/Pods-HDCollectionView_Tests-checkManifestLockResult.txt",
			);
			runOnlyForDeploymentPostprocessing = 0;
			shellPath = /bin/sh;
			shellScript = "diff \"${PODS_PODFILE_DIR_PATH}/Podfile.lock\" \"${PODS_ROOT}/Manifest.lock\" > /dev/null\nif [ $? != 0 ] ; then\n    # print error to STDERR\n    echo \"error: The sandbox is not in sync with the Podfile.lock. Run 'pod install' or update your CocoaPods installation.\" >&2\n    exit 1\nfi\n# This output is used by Xcode 'outputs' to avoid re-running this script phase.\necho \"SUCCESS\" > \"${SCRIPT_OUTPUT_FILE_0}\"\n";
			showEnvVarsInLog = 0;
		};
/* End PBXShellScriptBuildPhase section */

/* Begin PBXSourcesBuildPhase section */
		6003F586195388D20070C39A /* Sources */ = {
			isa = PBXSourcesBuildPhase;
			buildActionMask = 2147483647;
			files = (
				66B6B7FB22844CCB009FECF1 /* DemoVC4Cell.m in Sources */,
				28890182241B207100406FE8 /* DemoVC3CellVM.m in Sources */,
				6696B2FF2272B4AE007FDFE4 /* AHCHeader.m in Sources */,
				6696B2E42272B4AE007FDFE4 /* DemoVC2Header.m in Sources */,
				6635BBE22293AB2E0037EE0A /* HDMultipleScrollListMainVC.m in Sources */,
				6689F3C222964D8C0041A441 /* QQDemoGapCell.m in Sources */,
				66B6B7FA22844CCB009FECF1 /* DemoVC4Header.m in Sources */,
				66B825D822A3F8D6006549A2 /* DemoVC5DecorationView.m in Sources */,
				6696B3042272B4AE007FDFE4 /* DemoVC1Cell.m in Sources */,
				6696B3012272B4AE007FDFE4 /* HDSCVOffsetBinder.m in Sources */,
				6696B2F72272B4AE007FDFE4 /* AHCVCViewModel.m in Sources */,
				6696B2E12272B4AE007FDFE4 /* DemoVC5Header.m in Sources */,
				6696B2E22272B4AE007FDFE4 /* DemoVC5Cell.m in Sources */,
				66B825D5229FC1BD006549A2 /* HDStopView.m in Sources */,
				28AC5E10235FF9E300657ACE /* DemoVC4DecorationView.m in Sources */,
				6689F3BE22964D8C0041A441 /* QQDemoFriendGroupHeader.m in Sources */,
				28FE5C1222FD536E007FD9AA /* QQDemoFriendModel.m in Sources */,
				6696B31A2272B4EB007FDFE4 /* YYWeakProxy.m in Sources */,
				6696B3072272B4AE007FDFE4 /* DemoVC6Cell.m in Sources */,
				6689F3B922964D8C0041A441 /* QQDemoOpenCloseSec.m in Sources */,
				66B6B801228509B8009FECF1 /* DemoVC4ViewModel.m in Sources */,
				6696B2FD2272B4AE007FDFE4 /* UIView+AroundLine.m in Sources */,
				6696B3052272B4AE007FDFE4 /* DemoVC6DecorationView.m in Sources */,
				6696B2EF2272B4AE007FDFE4 /* DemoVC3Cell.m in Sources */,
				6003F59E195388D20070C39A /* HDAppDelegate.m in Sources */,
				6635BBE52293AB3E0037EE0A /* HDMultipleScrollListSubVC.m in Sources */,
				6696B2EB2272B4AE007FDFE4 /* DemoVC3Header.m in Sources */,
				6696B2E02272B4AE007FDFE4 /* DemoVC5Footer.m in Sources */,
				6696B3232272C952007FDFE4 /* VCCell.m in Sources */,
				66BF786E229E690D006C5118 /* HDWebView.m in Sources */,
				6696B2FB2272B4AE007FDFE4 /* AHCRefPriceCell.m in Sources */,
				28E4B543230263A700BEBC34 /* QQDemo2FriendVCVM.m in Sources */,
				66B6B7FE2284FEB1009FECF1 /* DemoVC4Cell2.m in Sources */,
				28AC5E0D235ED6F300657ACE /* NSArray+HDHelper.m in Sources */,
				6696B2F92272B4AE007FDFE4 /* AHCModel.m in Sources */,
				6696B30A2272B4AE007FDFE4 /* DemoVC7.m in Sources */,
				6696B2FE2272B4AE007FDFE4 /* AHCTopHeader.m in Sources */,
				6689F3BD22964D8C0041A441 /* QQDemoCreateCell.m in Sources */,
				6696B3082272B4AE007FDFE4 /* DemoVC6Header.m in Sources */,
				6696B31B2272B4EB007FDFE4 /* CHD_ListView_Structure.m in Sources */,
				6689F3C122964D8C0041A441 /* QQDemoFriendCell.m in Sources */,
				6696B2E52272B4AE007FDFE4 /* DemoVC2Footer.m in Sources */,
				6696B3092272B4AE007FDFE4 /* DemoVC6Footer.m in Sources */,
				6696B2FA2272B4AE007FDFE4 /* AHCBaseCollectionView.m in Sources */,
				6696B3062272B4AE007FDFE4 /* DemoVC6.m in Sources */,
				6696B2E62272B4AE007FDFE4 /* DemoVC2Cell2.m in Sources */,
				6696B30B2272B4AE007FDFE4 /* DemoVC7Footer.m in Sources */,
				6635BBE82293BF7D0037EE0A /* HDCollectionView+MultipleScroll.m in Sources */,
				6696B3022272B4AE007FDFE4 /* DemoVC1.m in Sources */,
				6696B2F52272B4AE007FDFE4 /* DemoVC4.m in Sources */,
				6696B2EA2272B4AE007FDFE4 /* DemoVC3Footer.m in Sources */,
				66B6B7F922844CCB009FECF1 /* DemoVC4Footer.m in Sources */,
				6689F3BC22964D8C0041A441 /* QQDemoSearchCell.m in Sources */,
				6696B3032272B4AE007FDFE4 /* DemoVC1Header.m in Sources */,
				6696B2FC2272B4AE007FDFE4 /* AHCNormalCell.m in Sources */,
				66D626752292E8CA00A2D29B /* QQDemo2FriendVC.m in Sources */,
				6696B3002272B4AE007FDFE4 /* AutoHomeCarInfoVC.m in Sources */,
				664305482292E6DF00E29603 /* QQDemo2VCViewModel.m in Sources */,
				6696B30C2272B4AE007FDFE4 /* DemoVC7Cell.m in Sources */,
				6696B2E72272B4AE007FDFE4 /* DemoVC2.m in Sources */,
				6696B2E92272B4AE007FDFE4 /* DemoVC3CellModel.m in Sources */,
				66F90BFE229E66F70043C06D /* NewsDetailDemoVC.m in Sources */,
				664305452292E1A800E29603 /* QQDemo2VC.m in Sources */,
				6003F59A195388D20070C39A /* main.m in Sources */,
				2889DDD6245AD386006C8670 /* DemoVC1Footer.m in Sources */,
				6696B3102272B4C4007FDFE4 /* ViewController.m in Sources */,
				6696B2EE2272B4AE007FDFE4 /* DemoVC3.m in Sources */,
				6696B3202272B76C007FDFE4 /* YYFPSLabel.m in Sources */,
				6696B2E32272B4AE007FDFE4 /* DemoVC5Cell2.m in Sources */,
				6696B2E82272B4AE007FDFE4 /* DemoVC2Cell.m in Sources */,
				6689F3BA22964D8C0041A441 /* QQDemoFriendCellVM.m in Sources */,
				6696B30D2272B4AE007FDFE4 /* DemoVC7Header.m in Sources */,
				6696B31C2272B4EB007FDFE4 /* UIView+gesture.m in Sources */,
				6696B2DF2272B4AE007FDFE4 /* DemoVC5.m in Sources */,
				6643053D2292E0DA00E29603 /* HDMultipleScrollListView.m in Sources */,
				66F90C01229E68090043C06D /* HDNewsCollectionView.m in Sources */,
			);
			runOnlyForDeploymentPostprocessing = 0;
		};
		6003F5AA195388D20070C39A /* Sources */ = {
			isa = PBXSourcesBuildPhase;
			buildActionMask = 2147483647;
			files = (
				6003F5BC195388D20070C39A /* Tests.m in Sources */,
			);
			runOnlyForDeploymentPostprocessing = 0;
		};
/* End PBXSourcesBuildPhase section */

/* Begin PBXTargetDependency section */
		6003F5B4195388D20070C39A /* PBXTargetDependency */ = {
			isa = PBXTargetDependency;
			target = 6003F589195388D20070C39A /* HDCollectionView_Example */;
			targetProxy = 6003F5B3195388D20070C39A /* PBXContainerItemProxy */;
		};
/* End PBXTargetDependency section */

/* Begin PBXVariantGroup section */
		6003F596195388D20070C39A /* InfoPlist.strings */ = {
			isa = PBXVariantGroup;
			children = (
				6003F597195388D20070C39A /* en */,
			);
			name = InfoPlist.strings;
			sourceTree = "<group>";
		};
		6003F5B8195388D20070C39A /* InfoPlist.strings */ = {
			isa = PBXVariantGroup;
			children = (
				6003F5B9195388D20070C39A /* en */,
			);
			name = InfoPlist.strings;
			sourceTree = "<group>";
		};
		71719F9D1E33DC2100824A3D /* LaunchScreen.storyboard */ = {
			isa = PBXVariantGroup;
			children = (
				71719F9E1E33DC2100824A3D /* Base */,
			);
			name = LaunchScreen.storyboard;
			sourceTree = "<group>";
		};
/* End PBXVariantGroup section */

/* Begin XCBuildConfiguration section */
		6003F5BD195388D20070C39A /* Debug */ = {
			isa = XCBuildConfiguration;
			buildSettings = {
				ALWAYS_SEARCH_USER_PATHS = NO;
				CLANG_CXX_LANGUAGE_STANDARD = "gnu++0x";
				CLANG_CXX_LIBRARY = "libc++";
				CLANG_ENABLE_MODULES = YES;
				CLANG_ENABLE_OBJC_ARC = YES;
				CLANG_WARN_BOOL_CONVERSION = YES;
				CLANG_WARN_CONSTANT_CONVERSION = YES;
				CLANG_WARN_DIRECT_OBJC_ISA_USAGE = YES_ERROR;
				CLANG_WARN_EMPTY_BODY = YES;
				CLANG_WARN_ENUM_CONVERSION = YES;
				CLANG_WARN_INT_CONVERSION = YES;
				CLANG_WARN_OBJC_ROOT_CLASS = YES_ERROR;
				CLANG_WARN__DUPLICATE_METHOD_MATCH = YES;
				"CODE_SIGN_IDENTITY[sdk=iphoneos*]" = "iPhone Developer";
				COPY_PHASE_STRIP = NO;
				ENABLE_TESTABILITY = YES;
				GCC_C_LANGUAGE_STANDARD = gnu99;
				GCC_DYNAMIC_NO_PIC = NO;
				GCC_OPTIMIZATION_LEVEL = 0;
				GCC_PREPROCESSOR_DEFINITIONS = (
					"DEBUG=1",
					"$(inherited)",
				);
				GCC_SYMBOLS_PRIVATE_EXTERN = NO;
				GCC_WARN_64_TO_32_BIT_CONVERSION = YES;
				GCC_WARN_ABOUT_RETURN_TYPE = YES_ERROR;
				GCC_WARN_UNDECLARED_SELECTOR = YES;
				GCC_WARN_UNINITIALIZED_AUTOS = YES_AGGRESSIVE;
				GCC_WARN_UNUSED_FUNCTION = YES;
				GCC_WARN_UNUSED_VARIABLE = YES;
				IPHONEOS_DEPLOYMENT_TARGET = 9.3;
				ONLY_ACTIVE_ARCH = YES;
				SDKROOT = iphoneos;
				TARGETED_DEVICE_FAMILY = "1,2";
			};
			name = Debug;
		};
		6003F5BE195388D20070C39A /* Release */ = {
			isa = XCBuildConfiguration;
			buildSettings = {
				ALWAYS_SEARCH_USER_PATHS = NO;
				CLANG_CXX_LANGUAGE_STANDARD = "gnu++0x";
				CLANG_CXX_LIBRARY = "libc++";
				CLANG_ENABLE_MODULES = YES;
				CLANG_ENABLE_OBJC_ARC = YES;
				CLANG_WARN_BOOL_CONVERSION = YES;
				CLANG_WARN_CONSTANT_CONVERSION = YES;
				CLANG_WARN_DIRECT_OBJC_ISA_USAGE = YES_ERROR;
				CLANG_WARN_EMPTY_BODY = YES;
				CLANG_WARN_ENUM_CONVERSION = YES;
				CLANG_WARN_INT_CONVERSION = YES;
				CLANG_WARN_OBJC_ROOT_CLASS = YES_ERROR;
				CLANG_WARN__DUPLICATE_METHOD_MATCH = YES;
				"CODE_SIGN_IDENTITY[sdk=iphoneos*]" = "iPhone Developer";
				COPY_PHASE_STRIP = YES;
				ENABLE_NS_ASSERTIONS = NO;
				GCC_C_LANGUAGE_STANDARD = gnu99;
				GCC_WARN_64_TO_32_BIT_CONVERSION = YES;
				GCC_WARN_ABOUT_RETURN_TYPE = YES_ERROR;
				GCC_WARN_UNDECLARED_SELECTOR = YES;
				GCC_WARN_UNINITIALIZED_AUTOS = YES_AGGRESSIVE;
				GCC_WARN_UNUSED_FUNCTION = YES;
				GCC_WARN_UNUSED_VARIABLE = YES;
				IPHONEOS_DEPLOYMENT_TARGET = 9.3;
				SDKROOT = iphoneos;
				TARGETED_DEVICE_FAMILY = "1,2";
				VALIDATE_PRODUCT = YES;
			};
			name = Release;
		};
		6003F5C0195388D20070C39A /* Debug */ = {
			isa = XCBuildConfiguration;
			baseConfigurationReference = EAE00B5FB900A928516BFCB5 /* Pods-HDCollectionView_Example.debug.xcconfig */;
			buildSettings = {
				ASSETCATALOG_COMPILER_APPICON_NAME = AppIcon;
				CLANG_ALLOW_NON_MODULAR_INCLUDES_IN_FRAMEWORK_MODULES = YES;
				DEVELOPMENT_TEAM = "";
				GCC_PRECOMPILE_PREFIX_HEADER = YES;
				GCC_PREFIX_HEADER = "HDCollectionView/HDCollectionView-Prefix.pch";
				INFOPLIST_FILE = "HDCollectionView/HDCollectionView-Info.plist";
				MODULE_NAME = ExampleApp;
				PRODUCT_BUNDLE_IDENTIFIER = "org.cocoapods.demo.${PRODUCT_NAME:rfc1034identifier}";
				PRODUCT_NAME = "$(TARGET_NAME)";
				WRAPPER_EXTENSION = app;
			};
			name = Debug;
		};
		6003F5C1195388D20070C39A /* Release */ = {
			isa = XCBuildConfiguration;
			baseConfigurationReference = F22A251054DFB4159FFB0778 /* Pods-HDCollectionView_Example.release.xcconfig */;
			buildSettings = {
				ASSETCATALOG_COMPILER_APPICON_NAME = AppIcon;
				CLANG_ALLOW_NON_MODULAR_INCLUDES_IN_FRAMEWORK_MODULES = YES;
				CODE_SIGN_STYLE = Manual;
				DEVELOPMENT_TEAM = "";
				GCC_PRECOMPILE_PREFIX_HEADER = YES;
				GCC_PREFIX_HEADER = "HDCollectionView/HDCollectionView-Prefix.pch";
				INFOPLIST_FILE = "HDCollectionView/HDCollectionView-Info.plist";
				MODULE_NAME = ExampleApp;
				PRODUCT_BUNDLE_IDENTIFIER = "org.cocoapods.demo.${PRODUCT_NAME:rfc1034identifier}";
				PRODUCT_NAME = "$(TARGET_NAME)";
				PROVISIONING_PROFILE_SPECIFIER = "";
				WRAPPER_EXTENSION = app;
			};
			name = Release;
		};
		6003F5C3195388D20070C39A /* Debug */ = {
			isa = XCBuildConfiguration;
			baseConfigurationReference = 5B164F0C9815D3C73EF62558 /* Pods-HDCollectionView_Tests.debug.xcconfig */;
			buildSettings = {
				BUNDLE_LOADER = "$(TEST_HOST)";
				FRAMEWORK_SEARCH_PATHS = (
					"$(SDKROOT)/Developer/Library/Frameworks",
					"$(inherited)",
					"$(DEVELOPER_FRAMEWORKS_DIR)",
				);
				GCC_PRECOMPILE_PREFIX_HEADER = YES;
				GCC_PREFIX_HEADER = "Tests/Tests-Prefix.pch";
				GCC_PREPROCESSOR_DEFINITIONS = (
					"DEBUG=1",
					"$(inherited)",
				);
				INFOPLIST_FILE = "Tests/Tests-Info.plist";
				PRODUCT_BUNDLE_IDENTIFIER = "org.cocoapods.demo.${PRODUCT_NAME:rfc1034identifier}";
				PRODUCT_NAME = "$(TARGET_NAME)";
				TEST_HOST = "$(BUILT_PRODUCTS_DIR)/HDCollectionView_Example.app/HDCollectionView_Example";
				WRAPPER_EXTENSION = xctest;
			};
			name = Debug;
		};
		6003F5C4195388D20070C39A /* Release */ = {
			isa = XCBuildConfiguration;
			baseConfigurationReference = 5C63DD97A3232C4B959CA8B5 /* Pods-HDCollectionView_Tests.release.xcconfig */;
			buildSettings = {
				BUNDLE_LOADER = "$(TEST_HOST)";
				FRAMEWORK_SEARCH_PATHS = (
					"$(SDKROOT)/Developer/Library/Frameworks",
					"$(inherited)",
					"$(DEVELOPER_FRAMEWORKS_DIR)",
				);
				GCC_PRECOMPILE_PREFIX_HEADER = YES;
				GCC_PREFIX_HEADER = "Tests/Tests-Prefix.pch";
				INFOPLIST_FILE = "Tests/Tests-Info.plist";
				PRODUCT_BUNDLE_IDENTIFIER = "org.cocoapods.demo.${PRODUCT_NAME:rfc1034identifier}";
				PRODUCT_NAME = "$(TARGET_NAME)";
				TEST_HOST = "$(BUILT_PRODUCTS_DIR)/HDCollectionView_Example.app/HDCollectionView_Example";
				WRAPPER_EXTENSION = xctest;
			};
			name = Release;
		};
/* End XCBuildConfiguration section */

/* Begin XCConfigurationList section */
		6003F585195388D10070C39A /* Build configuration list for PBXProject "HDCollectionView" */ = {
			isa = XCConfigurationList;
			buildConfigurations = (
				6003F5BD195388D20070C39A /* Debug */,
				6003F5BE195388D20070C39A /* Release */,
			);
			defaultConfigurationIsVisible = 0;
			defaultConfigurationName = Release;
		};
		6003F5BF195388D20070C39A /* Build configuration list for PBXNativeTarget "HDCollectionView_Example" */ = {
			isa = XCConfigurationList;
			buildConfigurations = (
				6003F5C0195388D20070C39A /* Debug */,
				6003F5C1195388D20070C39A /* Release */,
			);
			defaultConfigurationIsVisible = 0;
			defaultConfigurationName = Release;
		};
		6003F5C2195388D20070C39A /* Build configuration list for PBXNativeTarget "HDCollectionView_Tests" */ = {
			isa = XCConfigurationList;
			buildConfigurations = (
				6003F5C3195388D20070C39A /* Debug */,
				6003F5C4195388D20070C39A /* Release */,
			);
			defaultConfigurationIsVisible = 0;
			defaultConfigurationName = Release;
		};
/* End XCConfigurationList section */
	};
	rootObject = 6003F582195388D10070C39A /* Project object */;
}
